// !$*UTF8*$!
{
	archiveVersion = 1;
	classes = {
	};
	objectVersion = 55;
	objects = {

/* Begin PBXBuildFile section */
		91306998B708081AF9A46842 /* Pods_WhereRU.framework in Frameworks */ = {isa = PBXBuildFile; fileRef = A02AB106537F213D8BF3B846 /* Pods_WhereRU.framework */; };
		C700801E28C71E0F00FC7709 /* Alamofire in Frameworks */ = {isa = PBXBuildFile; productRef = C700801D28C71E0F00FC7709 /* Alamofire */; };
		C700870F28C85D2F00FC7709 /* CLLocationCoordinate2D + extension.swift in Sources */ = {isa = PBXBuildFile; fileRef = C700870E28C85D2F00FC7709 /* CLLocationCoordinate2D + extension.swift */; };
		C7586E1F28C9F395003B6639 /* SignInView.swift in Sources */ = {isa = PBXBuildFile; fileRef = C7586E1E28C9F395003B6639 /* SignInView.swift */; };
		C7586E2128C9F3A2003B6639 /* SignUpView.swift in Sources */ = {isa = PBXBuildFile; fileRef = C7586E2028C9F3A2003B6639 /* SignUpView.swift */; };
		C7586E2328C9F3B9003B6639 /* SignInViewController.swift in Sources */ = {isa = PBXBuildFile; fileRef = C7586E2228C9F3B9003B6639 /* SignInViewController.swift */; };
		C7586E2528C9F3C3003B6639 /* SignUpViewController.swift in Sources */ = {isa = PBXBuildFile; fileRef = C7586E2428C9F3C3003B6639 /* SignUpViewController.swift */; };
		C7586E8A28CDC566003B6639 /* GoogleService-Info.plist in Resources */ = {isa = PBXBuildFile; fileRef = C7586E8928CDC566003B6639 /* GoogleService-Info.plist */; };
		C7CFA81628D1A687008AA02C /* FirebaseManager.swift in Sources */ = {isa = PBXBuildFile; fileRef = C7CFA81528D1A687008AA02C /* FirebaseManager.swift */; };
		C7D31A0E28BF51DF00940AFE /* AppDelegate.swift in Sources */ = {isa = PBXBuildFile; fileRef = C7D31A0D28BF51DF00940AFE /* AppDelegate.swift */; };
		C7D31A1028BF51DF00940AFE /* SceneDelegate.swift in Sources */ = {isa = PBXBuildFile; fileRef = C7D31A0F28BF51DF00940AFE /* SceneDelegate.swift */; };
		C7D31A1228BF51DF00940AFE /* FriendsViewController.swift in Sources */ = {isa = PBXBuildFile; fileRef = C7D31A1128BF51DF00940AFE /* FriendsViewController.swift */; };
		C7D31A1728BF51E100940AFE /* Assets.xcassets in Resources */ = {isa = PBXBuildFile; fileRef = C7D31A1628BF51E100940AFE /* Assets.xcassets */; };
		C7D31A1A28BF51E100940AFE /* LaunchScreen.storyboard in Resources */ = {isa = PBXBuildFile; fileRef = C7D31A1828BF51E100940AFE /* LaunchScreen.storyboard */; };
		C7D31A4428C08D3100940AFE /* SnapKit in Frameworks */ = {isa = PBXBuildFile; productRef = C7D31A4328C08D3100940AFE /* SnapKit */; };
		C7D31A4628C0902200940AFE /* FriendsView.swift in Sources */ = {isa = PBXBuildFile; fileRef = C7D31A4528C0902200940AFE /* FriendsView.swift */; };
		C7D31A4928C090CD00940AFE /* TabBarViewController.swift in Sources */ = {isa = PBXBuildFile; fileRef = C7D31A4828C090CD00940AFE /* TabBarViewController.swift */; };
		C7D31A4D28C0911700940AFE /* BaseViewController.swift in Sources */ = {isa = PBXBuildFile; fileRef = C7D31A4C28C0911700940AFE /* BaseViewController.swift */; };
		C7D31A4F28C096BF00940AFE /* RoomsViewController.swift in Sources */ = {isa = PBXBuildFile; fileRef = C7D31A4E28C096BF00940AFE /* RoomsViewController.swift */; };
		C7D31A5128C096D100940AFE /* SettingViewController.swift in Sources */ = {isa = PBXBuildFile; fileRef = C7D31A5028C096D100940AFE /* SettingViewController.swift */; };
		C7D31A5328C099CC00940AFE /* RoomsView.swift in Sources */ = {isa = PBXBuildFile; fileRef = C7D31A5228C099CC00940AFE /* RoomsView.swift */; };
		C7D31A5528C099F600940AFE /* SettingView.swift in Sources */ = {isa = PBXBuildFile; fileRef = C7D31A5428C099F600940AFE /* SettingView.swift */; };
		C7D31A5728C1CE2C00940AFE /* RoomsViewModel.swift in Sources */ = {isa = PBXBuildFile; fileRef = C7D31A5628C1CE2C00940AFE /* RoomsViewModel.swift */; };
		C7D31A5B28C1CE6300940AFE /* LocationManager.swift in Sources */ = {isa = PBXBuildFile; fileRef = C7D31A5A28C1CE6300940AFE /* LocationManager.swift */; };
		C7D31A5D28C1D28900940AFE /* CreateRoomView.swift in Sources */ = {isa = PBXBuildFile; fileRef = C7D31A5C28C1D28900940AFE /* CreateRoomView.swift */; };
		C7D31A5F28C1D2A200940AFE /* CreateRoomViewController.swift in Sources */ = {isa = PBXBuildFile; fileRef = C7D31A5E28C1D2A200940AFE /* CreateRoomViewController.swift */; };
		C7D31A6228C1D4F100940AFE /* FriendsCollectionViewCell.swift in Sources */ = {isa = PBXBuildFile; fileRef = C7D31A6128C1D4F100940AFE /* FriendsCollectionViewCell.swift */; };
		C7D31A6428C1DE0200940AFE /* FindPlaceView.swift in Sources */ = {isa = PBXBuildFile; fileRef = C7D31A6328C1DE0200940AFE /* FindPlaceView.swift */; };
		C7D31A6628C474B700940AFE /* FindPlaceViewController.swift in Sources */ = {isa = PBXBuildFile; fileRef = C7D31A6528C474B700940AFE /* FindPlaceViewController.swift */; };
		C7D31A6828C4924F00940AFE /* FindPlaceViewModel.swift in Sources */ = {isa = PBXBuildFile; fileRef = C7D31A6728C4924F00940AFE /* FindPlaceViewModel.swift */; };
		C7D31A6C28C4A19E00940AFE /* LocationTableViewCell.swift in Sources */ = {isa = PBXBuildFile; fileRef = C7D31A6B28C4A19E00940AFE /* LocationTableViewCell.swift */; };
		CD359A25878DA3E74AE59C17 /* Pods_WhereRUTests.framework in Frameworks */ = {isa = PBXBuildFile; fileRef = 71A749F7F705181A1A4E52ED /* Pods_WhereRUTests.framework */; };
		F95689C2F92AE894781459E2 /* Pods_WhereRU_WhereRUUITests.framework in Frameworks */ = {isa = PBXBuildFile; fileRef = BB695459A8259DB135FD86ED /* Pods_WhereRU_WhereRUUITests.framework */; };
/* End PBXBuildFile section */

/* Begin PBXContainerItemProxy section */
		C7D31A2128BF51E100940AFE /* PBXContainerItemProxy */ = {
			isa = PBXContainerItemProxy;
			containerPortal = C7D31A0228BF51DF00940AFE /* Project object */;
			proxyType = 1;
			remoteGlobalIDString = C7D31A0928BF51DF00940AFE;
			remoteInfo = WhereRU;
		};
		C7D31A2B28BF51E100940AFE /* PBXContainerItemProxy */ = {
			isa = PBXContainerItemProxy;
			containerPortal = C7D31A0228BF51DF00940AFE /* Project object */;
			proxyType = 1;
			remoteGlobalIDString = C7D31A0928BF51DF00940AFE;
			remoteInfo = WhereRU;
		};
/* End PBXContainerItemProxy section */

/* Begin PBXFileReference section */
		23BAA7C0C3289CB5223A67DA /* Pods-WhereRU-WhereRUUITests.release.xcconfig */ = {isa = PBXFileReference; includeInIndex = 1; lastKnownFileType = text.xcconfig; name = "Pods-WhereRU-WhereRUUITests.release.xcconfig"; path = "Target Support Files/Pods-WhereRU-WhereRUUITests/Pods-WhereRU-WhereRUUITests.release.xcconfig"; sourceTree = "<group>"; };
		59740B7B55022D6B3F084599 /* Pods-WhereRU.release.xcconfig */ = {isa = PBXFileReference; includeInIndex = 1; lastKnownFileType = text.xcconfig; name = "Pods-WhereRU.release.xcconfig"; path = "Target Support Files/Pods-WhereRU/Pods-WhereRU.release.xcconfig"; sourceTree = "<group>"; };
		5DE365E38DF3D59E00915A6D /* Pods-WhereRUTests.debug.xcconfig */ = {isa = PBXFileReference; includeInIndex = 1; lastKnownFileType = text.xcconfig; name = "Pods-WhereRUTests.debug.xcconfig"; path = "Target Support Files/Pods-WhereRUTests/Pods-WhereRUTests.debug.xcconfig"; sourceTree = "<group>"; };
		5E0B06CE2D94AA144CA31807 /* Pods-WhereRU.debug.xcconfig */ = {isa = PBXFileReference; includeInIndex = 1; lastKnownFileType = text.xcconfig; name = "Pods-WhereRU.debug.xcconfig"; path = "Target Support Files/Pods-WhereRU/Pods-WhereRU.debug.xcconfig"; sourceTree = "<group>"; };
		71A749F7F705181A1A4E52ED /* Pods_WhereRUTests.framework */ = {isa = PBXFileReference; explicitFileType = wrapper.framework; includeInIndex = 0; path = Pods_WhereRUTests.framework; sourceTree = BUILT_PRODUCTS_DIR; };
		A02AB106537F213D8BF3B846 /* Pods_WhereRU.framework */ = {isa = PBXFileReference; explicitFileType = wrapper.framework; includeInIndex = 0; path = Pods_WhereRU.framework; sourceTree = BUILT_PRODUCTS_DIR; };
		B402C054E58C034B3D6933BD /* Pods-WhereRU-WhereRUUITests.debug.xcconfig */ = {isa = PBXFileReference; includeInIndex = 1; lastKnownFileType = text.xcconfig; name = "Pods-WhereRU-WhereRUUITests.debug.xcconfig"; path = "Target Support Files/Pods-WhereRU-WhereRUUITests/Pods-WhereRU-WhereRUUITests.debug.xcconfig"; sourceTree = "<group>"; };
		BB695459A8259DB135FD86ED /* Pods_WhereRU_WhereRUUITests.framework */ = {isa = PBXFileReference; explicitFileType = wrapper.framework; includeInIndex = 0; path = Pods_WhereRU_WhereRUUITests.framework; sourceTree = BUILT_PRODUCTS_DIR; };
		C700870E28C85D2F00FC7709 /* CLLocationCoordinate2D + extension.swift */ = {isa = PBXFileReference; lastKnownFileType = sourcecode.swift; path = "CLLocationCoordinate2D + extension.swift"; sourceTree = "<group>"; };
		C7586E1E28C9F395003B6639 /* SignInView.swift */ = {isa = PBXFileReference; lastKnownFileType = sourcecode.swift; path = SignInView.swift; sourceTree = "<group>"; };
		C7586E2028C9F3A2003B6639 /* SignUpView.swift */ = {isa = PBXFileReference; lastKnownFileType = sourcecode.swift; path = SignUpView.swift; sourceTree = "<group>"; };
		C7586E2228C9F3B9003B6639 /* SignInViewController.swift */ = {isa = PBXFileReference; lastKnownFileType = sourcecode.swift; path = SignInViewController.swift; sourceTree = "<group>"; };
		C7586E2428C9F3C3003B6639 /* SignUpViewController.swift */ = {isa = PBXFileReference; lastKnownFileType = sourcecode.swift; path = SignUpViewController.swift; sourceTree = "<group>"; };
		C7586E8928CDC566003B6639 /* GoogleService-Info.plist */ = {isa = PBXFileReference; fileEncoding = 4; lastKnownFileType = text.plist.xml; name = "GoogleService-Info.plist"; path = "../../../Downloads/GoogleService-Info.plist"; sourceTree = "<group>"; };
		C7CFA81228CF877A008AA02C /* WhereRU.app */ = {isa = PBXFileReference; explicitFileType = wrapper.application; includeInIndex = 0; path = WhereRU.app; sourceTree = BUILT_PRODUCTS_DIR; };
		C7CFA81328CF877A008AA02C /* WhereRUTests.xctest */ = {isa = PBXFileReference; explicitFileType = wrapper.cfbundle; includeInIndex = 0; path = WhereRUTests.xctest; sourceTree = BUILT_PRODUCTS_DIR; };
		C7CFA81428CF877A008AA02C /* WhereRUUITests.xctest */ = {isa = PBXFileReference; explicitFileType = wrapper.cfbundle; includeInIndex = 0; path = WhereRUUITests.xctest; sourceTree = BUILT_PRODUCTS_DIR; };
		C7CFA81528D1A687008AA02C /* FirebaseManager.swift */ = {isa = PBXFileReference; lastKnownFileType = sourcecode.swift; path = FirebaseManager.swift; sourceTree = "<group>"; };
		C7D31A0D28BF51DF00940AFE /* AppDelegate.swift */ = {isa = PBXFileReference; lastKnownFileType = sourcecode.swift; path = AppDelegate.swift; sourceTree = "<group>"; };
		C7D31A0F28BF51DF00940AFE /* SceneDelegate.swift */ = {isa = PBXFileReference; lastKnownFileType = sourcecode.swift; path = SceneDelegate.swift; sourceTree = "<group>"; };
		C7D31A1128BF51DF00940AFE /* FriendsViewController.swift */ = {isa = PBXFileReference; lastKnownFileType = sourcecode.swift; path = FriendsViewController.swift; sourceTree = "<group>"; };
		C7D31A1628BF51E100940AFE /* Assets.xcassets */ = {isa = PBXFileReference; lastKnownFileType = folder.assetcatalog; path = Assets.xcassets; sourceTree = "<group>"; };
		C7D31A1928BF51E100940AFE /* Base */ = {isa = PBXFileReference; lastKnownFileType = file.storyboard; name = Base; path = Base.lproj/LaunchScreen.storyboard; sourceTree = "<group>"; };
		C7D31A1B28BF51E100940AFE /* Info.plist */ = {isa = PBXFileReference; lastKnownFileType = text.plist.xml; path = Info.plist; sourceTree = "<group>"; };
		C7D31A4528C0902200940AFE /* FriendsView.swift */ = {isa = PBXFileReference; lastKnownFileType = sourcecode.swift; path = FriendsView.swift; sourceTree = "<group>"; };
		C7D31A4828C090CD00940AFE /* TabBarViewController.swift */ = {isa = PBXFileReference; lastKnownFileType = sourcecode.swift; path = TabBarViewController.swift; sourceTree = "<group>"; };
		C7D31A4C28C0911700940AFE /* BaseViewController.swift */ = {isa = PBXFileReference; lastKnownFileType = sourcecode.swift; path = BaseViewController.swift; sourceTree = "<group>"; };
		C7D31A4E28C096BF00940AFE /* RoomsViewController.swift */ = {isa = PBXFileReference; lastKnownFileType = sourcecode.swift; path = RoomsViewController.swift; sourceTree = "<group>"; };
		C7D31A5028C096D100940AFE /* SettingViewController.swift */ = {isa = PBXFileReference; lastKnownFileType = sourcecode.swift; path = SettingViewController.swift; sourceTree = "<group>"; };
		C7D31A5228C099CC00940AFE /* RoomsView.swift */ = {isa = PBXFileReference; lastKnownFileType = sourcecode.swift; path = RoomsView.swift; sourceTree = "<group>"; };
		C7D31A5428C099F600940AFE /* SettingView.swift */ = {isa = PBXFileReference; lastKnownFileType = sourcecode.swift; path = SettingView.swift; sourceTree = "<group>"; };
		C7D31A5628C1CE2C00940AFE /* RoomsViewModel.swift */ = {isa = PBXFileReference; lastKnownFileType = sourcecode.swift; path = RoomsViewModel.swift; sourceTree = "<group>"; };
		C7D31A5A28C1CE6300940AFE /* LocationManager.swift */ = {isa = PBXFileReference; lastKnownFileType = sourcecode.swift; path = LocationManager.swift; sourceTree = "<group>"; };
		C7D31A5C28C1D28900940AFE /* CreateRoomView.swift */ = {isa = PBXFileReference; lastKnownFileType = sourcecode.swift; path = CreateRoomView.swift; sourceTree = "<group>"; };
		C7D31A5E28C1D2A200940AFE /* CreateRoomViewController.swift */ = {isa = PBXFileReference; lastKnownFileType = sourcecode.swift; path = CreateRoomViewController.swift; sourceTree = "<group>"; };
		C7D31A6128C1D4F100940AFE /* FriendsCollectionViewCell.swift */ = {isa = PBXFileReference; lastKnownFileType = sourcecode.swift; path = FriendsCollectionViewCell.swift; sourceTree = "<group>"; };
		C7D31A6328C1DE0200940AFE /* FindPlaceView.swift */ = {isa = PBXFileReference; lastKnownFileType = sourcecode.swift; path = FindPlaceView.swift; sourceTree = "<group>"; };
		C7D31A6528C474B700940AFE /* FindPlaceViewController.swift */ = {isa = PBXFileReference; lastKnownFileType = sourcecode.swift; path = FindPlaceViewController.swift; sourceTree = "<group>"; };
		C7D31A6728C4924F00940AFE /* FindPlaceViewModel.swift */ = {isa = PBXFileReference; lastKnownFileType = sourcecode.swift; path = FindPlaceViewModel.swift; sourceTree = "<group>"; };
		C7D31A6B28C4A19E00940AFE /* LocationTableViewCell.swift */ = {isa = PBXFileReference; lastKnownFileType = sourcecode.swift; path = LocationTableViewCell.swift; sourceTree = "<group>"; };
		FAFEDE1DBF271C424FDBDC70 /* Pods-WhereRUTests.release.xcconfig */ = {isa = PBXFileReference; includeInIndex = 1; lastKnownFileType = text.xcconfig; name = "Pods-WhereRUTests.release.xcconfig"; path = "Target Support Files/Pods-WhereRUTests/Pods-WhereRUTests.release.xcconfig"; sourceTree = "<group>"; };
/* End PBXFileReference section */

/* Begin PBXFrameworksBuildPhase section */
		C7D31A0728BF51DF00940AFE /* Frameworks */ = {
			isa = PBXFrameworksBuildPhase;
			buildActionMask = 2147483647;
			files = (
				C700801E28C71E0F00FC7709 /* Alamofire in Frameworks */,
				C7D31A4428C08D3100940AFE /* SnapKit in Frameworks */,
				91306998B708081AF9A46842 /* Pods_WhereRU.framework in Frameworks */,
			);
			runOnlyForDeploymentPostprocessing = 0;
		};
		C7D31A1D28BF51E100940AFE /* Frameworks */ = {
			isa = PBXFrameworksBuildPhase;
			buildActionMask = 2147483647;
			files = (
				CD359A25878DA3E74AE59C17 /* Pods_WhereRUTests.framework in Frameworks */,
			);
			runOnlyForDeploymentPostprocessing = 0;
		};
		C7D31A2728BF51E100940AFE /* Frameworks */ = {
			isa = PBXFrameworksBuildPhase;
			buildActionMask = 2147483647;
			files = (
				F95689C2F92AE894781459E2 /* Pods_WhereRU_WhereRUUITests.framework in Frameworks */,
			);
			runOnlyForDeploymentPostprocessing = 0;
		};
/* End PBXFrameworksBuildPhase section */

/* Begin PBXGroup section */
		53F317BC0EE97F085DB92F11 /* Frameworks */ = {
			isa = PBXGroup;
			children = (
				A02AB106537F213D8BF3B846 /* Pods_WhereRU.framework */,
				BB695459A8259DB135FD86ED /* Pods_WhereRU_WhereRUUITests.framework */,
				71A749F7F705181A1A4E52ED /* Pods_WhereRUTests.framework */,
			);
			name = Frameworks;
			sourceTree = "<group>";
		};
		C59EE6516DCBC5354D9BC204 /* Pods */ = {
			isa = PBXGroup;
			children = (
				5E0B06CE2D94AA144CA31807 /* Pods-WhereRU.debug.xcconfig */,
				59740B7B55022D6B3F084599 /* Pods-WhereRU.release.xcconfig */,
				B402C054E58C034B3D6933BD /* Pods-WhereRU-WhereRUUITests.debug.xcconfig */,
				23BAA7C0C3289CB5223A67DA /* Pods-WhereRU-WhereRUUITests.release.xcconfig */,
				5DE365E38DF3D59E00915A6D /* Pods-WhereRUTests.debug.xcconfig */,
				FAFEDE1DBF271C424FDBDC70 /* Pods-WhereRUTests.release.xcconfig */,
			);
			path = Pods;
			sourceTree = "<group>";
		};
		C700870D28C85CF800FC7709 /* Extensions */ = {
			isa = PBXGroup;
			children = (
				C700870E28C85D2F00FC7709 /* CLLocationCoordinate2D + extension.swift */,
			);
			path = Extensions;
			sourceTree = "<group>";
		};
		C7D31A0128BF51DF00940AFE = {
			isa = PBXGroup;
			children = (
				C7D31A0C28BF51DF00940AFE /* WhereRU */,
				C59EE6516DCBC5354D9BC204 /* Pods */,
				53F317BC0EE97F085DB92F11 /* Frameworks */,
				C7CFA81228CF877A008AA02C /* WhereRU.app */,
				C7CFA81328CF877A008AA02C /* WhereRUTests.xctest */,
				C7CFA81428CF877A008AA02C /* WhereRUUITests.xctest */,
			);
			sourceTree = "<group>";
		};
		C7D31A0C28BF51DF00940AFE /* WhereRU */ = {
			isa = PBXGroup;
			children = (
				C7D31A5828C1CE4E00940AFE /* Model */,
				C7D31A3E28BF522F00940AFE /* View */,
				C7D31A4128BF529000940AFE /* ViewModel */,
				C7D31A4728C090A400940AFE /* Utils */,
				C7D31A4028BF525E00940AFE /* Resource */,
				C7D31A3D28BF522200940AFE /* Application */,
				C7D31A1B28BF51E100940AFE /* Info.plist */,
				C7586E8928CDC566003B6639 /* GoogleService-Info.plist */,
			);
			path = WhereRU;
			sourceTree = "<group>";
		};
		C7D31A3D28BF522200940AFE /* Application */ = {
			isa = PBXGroup;
			children = (
				C7D31A0D28BF51DF00940AFE /* AppDelegate.swift */,
				C7D31A0F28BF51DF00940AFE /* SceneDelegate.swift */,
			);
			path = Application;
			sourceTree = "<group>";
		};
		C7D31A3E28BF522F00940AFE /* View */ = {
			isa = PBXGroup;
			children = (
				C7586E1E28C9F395003B6639 /* SignInView.swift */,
				C7586E2028C9F3A2003B6639 /* SignUpView.swift */,
				C7D31A4528C0902200940AFE /* FriendsView.swift */,
				C7D31A5228C099CC00940AFE /* RoomsView.swift */,
				C7D31A5C28C1D28900940AFE /* CreateRoomView.swift */,
				C7D31A6328C1DE0200940AFE /* FindPlaceView.swift */,
				C7D31A5428C099F600940AFE /* SettingView.swift */,
				C7D31A6028C1D4C500940AFE /* Cell */,
				C7D31A3F28BF523A00940AFE /* Controller */,
			);
			path = View;
			sourceTree = "<group>";
		};
		C7D31A3F28BF523A00940AFE /* Controller */ = {
			isa = PBXGroup;
			children = (
				C7586E2228C9F3B9003B6639 /* SignInViewController.swift */,
				C7586E2428C9F3C3003B6639 /* SignUpViewController.swift */,
				C7D31A1128BF51DF00940AFE /* FriendsViewController.swift */,
				C7D31A4E28C096BF00940AFE /* RoomsViewController.swift */,
				C7D31A5E28C1D2A200940AFE /* CreateRoomViewController.swift */,
				C7D31A5028C096D100940AFE /* SettingViewController.swift */,
				C7D31A6528C474B700940AFE /* FindPlaceViewController.swift */,
			);
			path = Controller;
			sourceTree = "<group>";
		};
		C7D31A4028BF525E00940AFE /* Resource */ = {
			isa = PBXGroup;
			children = (
				C7D31A1628BF51E100940AFE /* Assets.xcassets */,
				C7D31A1828BF51E100940AFE /* LaunchScreen.storyboard */,
			);
			path = Resource;
			sourceTree = "<group>";
		};
		C7D31A4128BF529000940AFE /* ViewModel */ = {
			isa = PBXGroup;
			children = (
				C7D31A5628C1CE2C00940AFE /* RoomsViewModel.swift */,
				C7D31A6728C4924F00940AFE /* FindPlaceViewModel.swift */,
			);
			path = ViewModel;
			sourceTree = "<group>";
		};
		C7D31A4728C090A400940AFE /* Utils */ = {
			isa = PBXGroup;
			children = (
				C700870D28C85CF800FC7709 /* Extensions */,
				C7D31A4B28C090E200940AFE /* BaseViewController */,
				C7D31A4A28C090D200940AFE /* TabBar */,
			);
			path = Utils;
			sourceTree = "<group>";
		};
		C7D31A4A28C090D200940AFE /* TabBar */ = {
			isa = PBXGroup;
			children = (
				C7D31A4828C090CD00940AFE /* TabBarViewController.swift */,
			);
			path = TabBar;
			sourceTree = "<group>";
		};
		C7D31A4B28C090E200940AFE /* BaseViewController */ = {
			isa = PBXGroup;
			children = (
				C7D31A4C28C0911700940AFE /* BaseViewController.swift */,
			);
			path = BaseViewController;
			sourceTree = "<group>";
		};
		C7D31A5828C1CE4E00940AFE /* Model */ = {
			isa = PBXGroup;
			children = (
				C7D31A5928C1CE5300940AFE /* Manager */,
			);
			path = Model;
			sourceTree = "<group>";
		};
		C7D31A5928C1CE5300940AFE /* Manager */ = {
			isa = PBXGroup;
			children = (
				C7D31A5A28C1CE6300940AFE /* LocationManager.swift */,
				C7CFA81528D1A687008AA02C /* FirebaseManager.swift */,
			);
			path = Manager;
			sourceTree = "<group>";
		};
		C7D31A6028C1D4C500940AFE /* Cell */ = {
			isa = PBXGroup;
			children = (
				C7D31A6128C1D4F100940AFE /* FriendsCollectionViewCell.swift */,
				C7D31A6B28C4A19E00940AFE /* LocationTableViewCell.swift */,
			);
			path = Cell;
			sourceTree = "<group>";
		};
/* End PBXGroup section */

/* Begin PBXNativeTarget section */
		C7D31A0928BF51DF00940AFE /* WhereRU */ = {
			isa = PBXNativeTarget;
			buildConfigurationList = C7D31A3428BF51E100940AFE /* Build configuration list for PBXNativeTarget "WhereRU" */;
			buildPhases = (
				B4A012E34A4711DF6554ABA6 /* [CP] Check Pods Manifest.lock */,
				C7D31A0628BF51DF00940AFE /* Sources */,
				C7D31A0728BF51DF00940AFE /* Frameworks */,
				C7D31A0828BF51DF00940AFE /* Resources */,
				DDB46BFE17F69DB33B641A0D /* [CP] Embed Pods Frameworks */,
				9275FCACB6C9CE468E2AE572 /* [CP] Copy Pods Resources */,
			);
			buildRules = (
			);
			dependencies = (
			);
			name = WhereRU;
			packageProductDependencies = (
				C7D31A4328C08D3100940AFE /* SnapKit */,
				C700801D28C71E0F00FC7709 /* Alamofire */,
			);
			productName = WhereRU;
			productReference = C7CFA81228CF877A008AA02C /* WhereRU.app */;
			productType = "com.apple.product-type.application";
		};
		C7D31A1F28BF51E100940AFE /* WhereRUTests */ = {
			isa = PBXNativeTarget;
			buildConfigurationList = C7D31A3728BF51E100940AFE /* Build configuration list for PBXNativeTarget "WhereRUTests" */;
			buildPhases = (
				E3AE932F976A1B345B513F90 /* [CP] Check Pods Manifest.lock */,
				C7D31A1C28BF51E100940AFE /* Sources */,
				C7D31A1D28BF51E100940AFE /* Frameworks */,
				C7D31A1E28BF51E100940AFE /* Resources */,
			);
			buildRules = (
			);
			dependencies = (
				C7D31A2228BF51E100940AFE /* PBXTargetDependency */,
			);
			name = WhereRUTests;
			productName = WhereRUTests;
			productReference = C7CFA81328CF877A008AA02C /* WhereRUTests.xctest */;
			productType = "com.apple.product-type.bundle.unit-test";
		};
		C7D31A2928BF51E100940AFE /* WhereRUUITests */ = {
			isa = PBXNativeTarget;
			buildConfigurationList = C7D31A3A28BF51E100940AFE /* Build configuration list for PBXNativeTarget "WhereRUUITests" */;
			buildPhases = (
				2261E5D560A4CE51CF63688C /* [CP] Check Pods Manifest.lock */,
				C7D31A2628BF51E100940AFE /* Sources */,
				C7D31A2728BF51E100940AFE /* Frameworks */,
				C7D31A2828BF51E100940AFE /* Resources */,
				B6810F0CEAA395D3F979C9BE /* [CP] Embed Pods Frameworks */,
				29CC82827FF0509ACBF41333 /* [CP] Copy Pods Resources */,
			);
			buildRules = (
			);
			dependencies = (
				C7D31A2C28BF51E100940AFE /* PBXTargetDependency */,
			);
			name = WhereRUUITests;
			productName = WhereRUUITests;
			productReference = C7CFA81428CF877A008AA02C /* WhereRUUITests.xctest */;
			productType = "com.apple.product-type.bundle.ui-testing";
		};
/* End PBXNativeTarget section */

/* Begin PBXProject section */
		C7D31A0228BF51DF00940AFE /* Project object */ = {
			isa = PBXProject;
			attributes = {
				BuildIndependentTargetsInParallel = 1;
				LastSwiftUpdateCheck = 1340;
				LastUpgradeCheck = 1340;
				TargetAttributes = {
					C7D31A0928BF51DF00940AFE = {
						CreatedOnToolsVersion = 13.4;
					};
					C7D31A1F28BF51E100940AFE = {
						CreatedOnToolsVersion = 13.4;
						TestTargetID = C7D31A0928BF51DF00940AFE;
					};
					C7D31A2928BF51E100940AFE = {
						CreatedOnToolsVersion = 13.4;
						TestTargetID = C7D31A0928BF51DF00940AFE;
					};
				};
			};
			buildConfigurationList = C7D31A0528BF51DF00940AFE /* Build configuration list for PBXProject "WhereRU" */;
			compatibilityVersion = "Xcode 13.0";
			developmentRegion = en;
			hasScannedForEncodings = 0;
			knownRegions = (
				en,
				Base,
			);
			mainGroup = C7D31A0128BF51DF00940AFE;
			packageReferences = (
				C7D31A4228C08D3100940AFE /* XCRemoteSwiftPackageReference "SnapKit" */,
				C700801C28C71E0F00FC7709 /* XCRemoteSwiftPackageReference "Alamofire" */,
			);
			productRefGroup = C7D31A0128BF51DF00940AFE;
			projectDirPath = "";
			projectRoot = "";
			targets = (
				C7D31A0928BF51DF00940AFE /* WhereRU */,
				C7D31A1F28BF51E100940AFE /* WhereRUTests */,
				C7D31A2928BF51E100940AFE /* WhereRUUITests */,
			);
		};
/* End PBXProject section */

/* Begin PBXResourcesBuildPhase section */
		C7D31A0828BF51DF00940AFE /* Resources */ = {
			isa = PBXResourcesBuildPhase;
			buildActionMask = 2147483647;
			files = (
				C7D31A1A28BF51E100940AFE /* LaunchScreen.storyboard in Resources */,
				C7D31A1728BF51E100940AFE /* Assets.xcassets in Resources */,
				C7586E8A28CDC566003B6639 /* GoogleService-Info.plist in Resources */,
			);
			runOnlyForDeploymentPostprocessing = 0;
		};
		C7D31A1E28BF51E100940AFE /* Resources */ = {
			isa = PBXResourcesBuildPhase;
			buildActionMask = 2147483647;
			files = (
			);
			runOnlyForDeploymentPostprocessing = 0;
		};
		C7D31A2828BF51E100940AFE /* Resources */ = {
			isa = PBXResourcesBuildPhase;
			buildActionMask = 2147483647;
			files = (
			);
			runOnlyForDeploymentPostprocessing = 0;
		};
/* End PBXResourcesBuildPhase section */

/* Begin PBXShellScriptBuildPhase section */
		2261E5D560A4CE51CF63688C /* [CP] Check Pods Manifest.lock */ = {
			isa = PBXShellScriptBuildPhase;
			buildActionMask = 2147483647;
			files = (
			);
			inputFileListPaths = (
			);
			inputPaths = (
				"${PODS_PODFILE_DIR_PATH}/Podfile.lock",
				"${PODS_ROOT}/Manifest.lock",
			);
			name = "[CP] Check Pods Manifest.lock";
			outputFileListPaths = (
			);
			outputPaths = (
				"$(DERIVED_FILE_DIR)/Pods-WhereRU-WhereRUUITests-checkManifestLockResult.txt",
			);
			runOnlyForDeploymentPostprocessing = 0;
			shellPath = /bin/sh;
			shellScript = "diff \"${PODS_PODFILE_DIR_PATH}/Podfile.lock\" \"${PODS_ROOT}/Manifest.lock\" > /dev/null\nif [ $? != 0 ] ; then\n    # print error to STDERR\n    echo \"error: The sandbox is not in sync with the Podfile.lock. Run 'pod install' or update your CocoaPods installation.\" >&2\n    exit 1\nfi\n# This output is used by Xcode 'outputs' to avoid re-running this script phase.\necho \"SUCCESS\" > \"${SCRIPT_OUTPUT_FILE_0}\"\n";
			showEnvVarsInLog = 0;
		};
		29CC82827FF0509ACBF41333 /* [CP] Copy Pods Resources */ = {
			isa = PBXShellScriptBuildPhase;
			buildActionMask = 2147483647;
			files = (
			);
			inputFileListPaths = (
				"${PODS_ROOT}/Target Support Files/Pods-WhereRU-WhereRUUITests/Pods-WhereRU-WhereRUUITests-resources-${CONFIGURATION}-input-files.xcfilelist",
			);
			name = "[CP] Copy Pods Resources";
			outputFileListPaths = (
				"${PODS_ROOT}/Target Support Files/Pods-WhereRU-WhereRUUITests/Pods-WhereRU-WhereRUUITests-resources-${CONFIGURATION}-output-files.xcfilelist",
			);
			runOnlyForDeploymentPostprocessing = 0;
			shellPath = /bin/sh;
			shellScript = "\"${PODS_ROOT}/Target Support Files/Pods-WhereRU-WhereRUUITests/Pods-WhereRU-WhereRUUITests-resources.sh\"\n";
			showEnvVarsInLog = 0;
		};
		9275FCACB6C9CE468E2AE572 /* [CP] Copy Pods Resources */ = {
			isa = PBXShellScriptBuildPhase;
			buildActionMask = 2147483647;
			files = (
			);
			inputFileListPaths = (
				"${PODS_ROOT}/Target Support Files/Pods-WhereRU/Pods-WhereRU-resources-${CONFIGURATION}-input-files.xcfilelist",
			);
			name = "[CP] Copy Pods Resources";
			outputFileListPaths = (
				"${PODS_ROOT}/Target Support Files/Pods-WhereRU/Pods-WhereRU-resources-${CONFIGURATION}-output-files.xcfilelist",
			);
			runOnlyForDeploymentPostprocessing = 0;
			shellPath = /bin/sh;
			shellScript = "\"${PODS_ROOT}/Target Support Files/Pods-WhereRU/Pods-WhereRU-resources.sh\"\n";
			showEnvVarsInLog = 0;
		};
		B4A012E34A4711DF6554ABA6 /* [CP] Check Pods Manifest.lock */ = {
			isa = PBXShellScriptBuildPhase;
			buildActionMask = 2147483647;
			files = (
			);
			inputFileListPaths = (
			);
			inputPaths = (
				"${PODS_PODFILE_DIR_PATH}/Podfile.lock",
				"${PODS_ROOT}/Manifest.lock",
			);
			name = "[CP] Check Pods Manifest.lock";
			outputFileListPaths = (
			);
			outputPaths = (
				"$(DERIVED_FILE_DIR)/Pods-WhereRU-checkManifestLockResult.txt",
			);
			runOnlyForDeploymentPostprocessing = 0;
			shellPath = /bin/sh;
			shellScript = "diff \"${PODS_PODFILE_DIR_PATH}/Podfile.lock\" \"${PODS_ROOT}/Manifest.lock\" > /dev/null\nif [ $? != 0 ] ; then\n    # print error to STDERR\n    echo \"error: The sandbox is not in sync with the Podfile.lock. Run 'pod install' or update your CocoaPods installation.\" >&2\n    exit 1\nfi\n# This output is used by Xcode 'outputs' to avoid re-running this script phase.\necho \"SUCCESS\" > \"${SCRIPT_OUTPUT_FILE_0}\"\n";
			showEnvVarsInLog = 0;
		};
		B6810F0CEAA395D3F979C9BE /* [CP] Embed Pods Frameworks */ = {
			isa = PBXShellScriptBuildPhase;
			buildActionMask = 2147483647;
			files = (
			);
			inputFileListPaths = (
				"${PODS_ROOT}/Target Support Files/Pods-WhereRU-WhereRUUITests/Pods-WhereRU-WhereRUUITests-frameworks-${CONFIGURATION}-input-files.xcfilelist",
			);
			name = "[CP] Embed Pods Frameworks";
			outputFileListPaths = (
				"${PODS_ROOT}/Target Support Files/Pods-WhereRU-WhereRUUITests/Pods-WhereRU-WhereRUUITests-frameworks-${CONFIGURATION}-output-files.xcfilelist",
			);
			runOnlyForDeploymentPostprocessing = 0;
			shellPath = /bin/sh;
			shellScript = "\"${PODS_ROOT}/Target Support Files/Pods-WhereRU-WhereRUUITests/Pods-WhereRU-WhereRUUITests-frameworks.sh\"\n";
			showEnvVarsInLog = 0;
		};
		DDB46BFE17F69DB33B641A0D /* [CP] Embed Pods Frameworks */ = {
			isa = PBXShellScriptBuildPhase;
			buildActionMask = 2147483647;
			files = (
			);
			inputFileListPaths = (
				"${PODS_ROOT}/Target Support Files/Pods-WhereRU/Pods-WhereRU-frameworks-${CONFIGURATION}-input-files.xcfilelist",
			);
			name = "[CP] Embed Pods Frameworks";
			outputFileListPaths = (
				"${PODS_ROOT}/Target Support Files/Pods-WhereRU/Pods-WhereRU-frameworks-${CONFIGURATION}-output-files.xcfilelist",
			);
			runOnlyForDeploymentPostprocessing = 0;
			shellPath = /bin/sh;
			shellScript = "\"${PODS_ROOT}/Target Support Files/Pods-WhereRU/Pods-WhereRU-frameworks.sh\"\n";
			showEnvVarsInLog = 0;
		};
		E3AE932F976A1B345B513F90 /* [CP] Check Pods Manifest.lock */ = {
			isa = PBXShellScriptBuildPhase;
			buildActionMask = 2147483647;
			files = (
			);
			inputFileListPaths = (
			);
			inputPaths = (
				"${PODS_PODFILE_DIR_PATH}/Podfile.lock",
				"${PODS_ROOT}/Manifest.lock",
			);
			name = "[CP] Check Pods Manifest.lock";
			outputFileListPaths = (
			);
			outputPaths = (
				"$(DERIVED_FILE_DIR)/Pods-WhereRUTests-checkManifestLockResult.txt",
			);
			runOnlyForDeploymentPostprocessing = 0;
			shellPath = /bin/sh;
			shellScript = "diff \"${PODS_PODFILE_DIR_PATH}/Podfile.lock\" \"${PODS_ROOT}/Manifest.lock\" > /dev/null\nif [ $? != 0 ] ; then\n    # print error to STDERR\n    echo \"error: The sandbox is not in sync with the Podfile.lock. Run 'pod install' or update your CocoaPods installation.\" >&2\n    exit 1\nfi\n# This output is used by Xcode 'outputs' to avoid re-running this script phase.\necho \"SUCCESS\" > \"${SCRIPT_OUTPUT_FILE_0}\"\n";
			showEnvVarsInLog = 0;
		};
/* End PBXShellScriptBuildPhase section */

/* Begin PBXSourcesBuildPhase section */
		C7D31A0628BF51DF00940AFE /* Sources */ = {
			isa = PBXSourcesBuildPhase;
			buildActionMask = 2147483647;
			files = (
				C7D31A5728C1CE2C00940AFE /* RoomsViewModel.swift in Sources */,
				C7D31A5328C099CC00940AFE /* RoomsView.swift in Sources */,
				C7D31A5528C099F600940AFE /* SettingView.swift in Sources */,
				C7D31A1228BF51DF00940AFE /* FriendsViewController.swift in Sources */,
				C7D31A4628C0902200940AFE /* FriendsView.swift in Sources */,
				C7D31A0E28BF51DF00940AFE /* AppDelegate.swift in Sources */,
				C7D31A5D28C1D28900940AFE /* CreateRoomView.swift in Sources */,
				C7D31A6228C1D4F100940AFE /* FriendsCollectionViewCell.swift in Sources */,
				C7D31A5128C096D100940AFE /* SettingViewController.swift in Sources */,
				C7D31A4F28C096BF00940AFE /* RoomsViewController.swift in Sources */,
				C7D31A5F28C1D2A200940AFE /* CreateRoomViewController.swift in Sources */,
				C7D31A6628C474B700940AFE /* FindPlaceViewController.swift in Sources */,
				C7D31A5B28C1CE6300940AFE /* LocationManager.swift in Sources */,
				C7D31A4928C090CD00940AFE /* TabBarViewController.swift in Sources */,
				C700870F28C85D2F00FC7709 /* CLLocationCoordinate2D + extension.swift in Sources */,
				C7586E1F28C9F395003B6639 /* SignInView.swift in Sources */,
				C7586E2128C9F3A2003B6639 /* SignUpView.swift in Sources */,
				C7CFA81628D1A687008AA02C /* FirebaseManager.swift in Sources */,
				C7D31A1028BF51DF00940AFE /* SceneDelegate.swift in Sources */,
				C7586E2528C9F3C3003B6639 /* SignUpViewController.swift in Sources */,
				C7D31A4D28C0911700940AFE /* BaseViewController.swift in Sources */,
				C7D31A6428C1DE0200940AFE /* FindPlaceView.swift in Sources */,
				C7D31A6828C4924F00940AFE /* FindPlaceViewModel.swift in Sources */,
				C7586E2328C9F3B9003B6639 /* SignInViewController.swift in Sources */,
				C7D31A6C28C4A19E00940AFE /* LocationTableViewCell.swift in Sources */,
			);
			runOnlyForDeploymentPostprocessing = 0;
		};
		C7D31A1C28BF51E100940AFE /* Sources */ = {
			isa = PBXSourcesBuildPhase;
			buildActionMask = 2147483647;
			files = (
			);
			runOnlyForDeploymentPostprocessing = 0;
		};
		C7D31A2628BF51E100940AFE /* Sources */ = {
			isa = PBXSourcesBuildPhase;
			buildActionMask = 2147483647;
			files = (
			);
			runOnlyForDeploymentPostprocessing = 0;
		};
/* End PBXSourcesBuildPhase section */

/* Begin PBXTargetDependency section */
		C7D31A2228BF51E100940AFE /* PBXTargetDependency */ = {
			isa = PBXTargetDependency;
			target = C7D31A0928BF51DF00940AFE /* WhereRU */;
			targetProxy = C7D31A2128BF51E100940AFE /* PBXContainerItemProxy */;
		};
		C7D31A2C28BF51E100940AFE /* PBXTargetDependency */ = {
			isa = PBXTargetDependency;
			target = C7D31A0928BF51DF00940AFE /* WhereRU */;
			targetProxy = C7D31A2B28BF51E100940AFE /* PBXContainerItemProxy */;
		};
/* End PBXTargetDependency section */

/* Begin PBXVariantGroup section */
		C7D31A1828BF51E100940AFE /* LaunchScreen.storyboard */ = {
			isa = PBXVariantGroup;
			children = (
				C7D31A1928BF51E100940AFE /* Base */,
			);
			name = LaunchScreen.storyboard;
			sourceTree = "<group>";
		};
/* End PBXVariantGroup section */

/* Begin XCBuildConfiguration section */
		C7D31A3228BF51E100940AFE /* Debug */ = {
			isa = XCBuildConfiguration;
			buildSettings = {
				ALWAYS_SEARCH_USER_PATHS = NO;
				CLANG_ANALYZER_NONNULL = YES;
				CLANG_ANALYZER_NUMBER_OBJECT_CONVERSION = YES_AGGRESSIVE;
				CLANG_CXX_LANGUAGE_STANDARD = "gnu++17";
				CLANG_ENABLE_MODULES = YES;
				CLANG_ENABLE_OBJC_ARC = YES;
				CLANG_ENABLE_OBJC_WEAK = YES;
				CLANG_WARN_BLOCK_CAPTURE_AUTORELEASING = YES;
				CLANG_WARN_BOOL_CONVERSION = YES;
				CLANG_WARN_COMMA = YES;
				CLANG_WARN_CONSTANT_CONVERSION = YES;
				CLANG_WARN_DEPRECATED_OBJC_IMPLEMENTATIONS = YES;
				CLANG_WARN_DIRECT_OBJC_ISA_USAGE = YES_ERROR;
				CLANG_WARN_DOCUMENTATION_COMMENTS = YES;
				CLANG_WARN_EMPTY_BODY = YES;
				CLANG_WARN_ENUM_CONVERSION = YES;
				CLANG_WARN_INFINITE_RECURSION = YES;
				CLANG_WARN_INT_CONVERSION = YES;
				CLANG_WARN_NON_LITERAL_NULL_CONVERSION = YES;
				CLANG_WARN_OBJC_IMPLICIT_RETAIN_SELF = YES;
				CLANG_WARN_OBJC_LITERAL_CONVERSION = YES;
				CLANG_WARN_OBJC_ROOT_CLASS = YES_ERROR;
				CLANG_WARN_QUOTED_INCLUDE_IN_FRAMEWORK_HEADER = YES;
				CLANG_WARN_RANGE_LOOP_ANALYSIS = YES;
				CLANG_WARN_STRICT_PROTOTYPES = YES;
				CLANG_WARN_SUSPICIOUS_MOVE = YES;
				CLANG_WARN_UNGUARDED_AVAILABILITY = YES_AGGRESSIVE;
				CLANG_WARN_UNREACHABLE_CODE = YES;
				CLANG_WARN__DUPLICATE_METHOD_MATCH = YES;
				COPY_PHASE_STRIP = NO;
				DEBUG_INFORMATION_FORMAT = dwarf;
				ENABLE_STRICT_OBJC_MSGSEND = YES;
				ENABLE_TESTABILITY = YES;
				GCC_C_LANGUAGE_STANDARD = gnu11;
				GCC_DYNAMIC_NO_PIC = NO;
				GCC_NO_COMMON_BLOCKS = YES;
				GCC_OPTIMIZATION_LEVEL = 0;
				GCC_PREPROCESSOR_DEFINITIONS = (
					"DEBUG=1",
					"$(inherited)",
				);
				GCC_WARN_64_TO_32_BIT_CONVERSION = YES;
				GCC_WARN_ABOUT_RETURN_TYPE = YES_ERROR;
				GCC_WARN_UNDECLARED_SELECTOR = YES;
				GCC_WARN_UNINITIALIZED_AUTOS = YES_AGGRESSIVE;
				GCC_WARN_UNUSED_FUNCTION = YES;
				GCC_WARN_UNUSED_VARIABLE = YES;
				IPHONEOS_DEPLOYMENT_TARGET = 15.5;
				MTL_ENABLE_DEBUG_INFO = INCLUDE_SOURCE;
				MTL_FAST_MATH = YES;
				ONLY_ACTIVE_ARCH = YES;
				SDKROOT = iphoneos;
				SWIFT_ACTIVE_COMPILATION_CONDITIONS = DEBUG;
				SWIFT_OPTIMIZATION_LEVEL = "-Onone";
			};
			name = Debug;
		};
		C7D31A3328BF51E100940AFE /* Release */ = {
			isa = XCBuildConfiguration;
			buildSettings = {
				ALWAYS_SEARCH_USER_PATHS = NO;
				CLANG_ANALYZER_NONNULL = YES;
				CLANG_ANALYZER_NUMBER_OBJECT_CONVERSION = YES_AGGRESSIVE;
				CLANG_CXX_LANGUAGE_STANDARD = "gnu++17";
				CLANG_ENABLE_MODULES = YES;
				CLANG_ENABLE_OBJC_ARC = YES;
				CLANG_ENABLE_OBJC_WEAK = YES;
				CLANG_WARN_BLOCK_CAPTURE_AUTORELEASING = YES;
				CLANG_WARN_BOOL_CONVERSION = YES;
				CLANG_WARN_COMMA = YES;
				CLANG_WARN_CONSTANT_CONVERSION = YES;
				CLANG_WARN_DEPRECATED_OBJC_IMPLEMENTATIONS = YES;
				CLANG_WARN_DIRECT_OBJC_ISA_USAGE = YES_ERROR;
				CLANG_WARN_DOCUMENTATION_COMMENTS = YES;
				CLANG_WARN_EMPTY_BODY = YES;
				CLANG_WARN_ENUM_CONVERSION = YES;
				CLANG_WARN_INFINITE_RECURSION = YES;
				CLANG_WARN_INT_CONVERSION = YES;
				CLANG_WARN_NON_LITERAL_NULL_CONVERSION = YES;
				CLANG_WARN_OBJC_IMPLICIT_RETAIN_SELF = YES;
				CLANG_WARN_OBJC_LITERAL_CONVERSION = YES;
				CLANG_WARN_OBJC_ROOT_CLASS = YES_ERROR;
				CLANG_WARN_QUOTED_INCLUDE_IN_FRAMEWORK_HEADER = YES;
				CLANG_WARN_RANGE_LOOP_ANALYSIS = YES;
				CLANG_WARN_STRICT_PROTOTYPES = YES;
				CLANG_WARN_SUSPICIOUS_MOVE = YES;
				CLANG_WARN_UNGUARDED_AVAILABILITY = YES_AGGRESSIVE;
				CLANG_WARN_UNREACHABLE_CODE = YES;
				CLANG_WARN__DUPLICATE_METHOD_MATCH = YES;
				COPY_PHASE_STRIP = NO;
				DEBUG_INFORMATION_FORMAT = "dwarf-with-dsym";
				ENABLE_NS_ASSERTIONS = NO;
				ENABLE_STRICT_OBJC_MSGSEND = YES;
				GCC_C_LANGUAGE_STANDARD = gnu11;
				GCC_NO_COMMON_BLOCKS = YES;
				GCC_WARN_64_TO_32_BIT_CONVERSION = YES;
				GCC_WARN_ABOUT_RETURN_TYPE = YES_ERROR;
				GCC_WARN_UNDECLARED_SELECTOR = YES;
				GCC_WARN_UNINITIALIZED_AUTOS = YES_AGGRESSIVE;
				GCC_WARN_UNUSED_FUNCTION = YES;
				GCC_WARN_UNUSED_VARIABLE = YES;
				IPHONEOS_DEPLOYMENT_TARGET = 15.5;
				MTL_ENABLE_DEBUG_INFO = NO;
				MTL_FAST_MATH = YES;
				SDKROOT = iphoneos;
				SWIFT_COMPILATION_MODE = wholemodule;
				SWIFT_OPTIMIZATION_LEVEL = "-O";
				VALIDATE_PRODUCT = YES;
			};
			name = Release;
		};
		C7D31A3528BF51E100940AFE /* Debug */ = {
			isa = XCBuildConfiguration;
			baseConfigurationReference = 5E0B06CE2D94AA144CA31807 /* Pods-WhereRU.debug.xcconfig */;
			buildSettings = {
				ASSETCATALOG_COMPILER_APPICON_NAME = AppIcon;
				ASSETCATALOG_COMPILER_GLOBAL_ACCENT_COLOR_NAME = AccentColor;
				CLANG_ENABLE_OBJC_ARC = YES;
				CODE_SIGN_STYLE = Automatic;
				CURRENT_PROJECT_VERSION = 1;
				DEVELOPMENT_TEAM = RLXHF6WVG6;
				EXCLUDED_ARCHS = "";
				"EXCLUDED_ARCHS[sdk=*]" = arm64;
				FRAMEWORK_SEARCH_PATHS = (
					"$(inherited)",
					"$(PROJECT_DIR)",
					"\"${PODS_ROOT}/NMapsMap/framework\"",
					"\"${PODS_XCFRAMEWORKS_BUILD_DIR}/NMapsMap\"",
				);
				GENERATE_INFOPLIST_FILE = YES;
				INFOPLIST_FILE = WhereRU/Info.plist;
				INFOPLIST_KEY_UIApplicationSupportsIndirectInputEvents = YES;
				INFOPLIST_KEY_UILaunchStoryboardName = LaunchScreen;
				INFOPLIST_KEY_UISupportedInterfaceOrientations_iPad = "UIInterfaceOrientationPortrait UIInterfaceOrientationPortraitUpsideDown UIInterfaceOrientationLandscapeLeft UIInterfaceOrientationLandscapeRight";
				INFOPLIST_KEY_UISupportedInterfaceOrientations_iPhone = "UIInterfaceOrientationPortrait UIInterfaceOrientationLandscapeLeft UIInterfaceOrientationLandscapeRight";
				LD_RUNPATH_SEARCH_PATHS = (
					"$(inherited)",
					"@executable_path/Frameworks",
				);
				MARKETING_VERSION = 1.0;
				PRODUCT_BUNDLE_IDENTIFIER = com.WhereRU;
				PRODUCT_NAME = "$(TARGET_NAME)";
				SWIFT_EMIT_LOC_STRINGS = YES;
				SWIFT_OBJC_BRIDGING_HEADER = "";
				SWIFT_VERSION = 5.0;
				TARGETED_DEVICE_FAMILY = "1,2";
				VALIDATE_WORKSPACE = NO;
			};
			name = Debug;
		};
		C7D31A3628BF51E100940AFE /* Release */ = {
			isa = XCBuildConfiguration;
			baseConfigurationReference = 59740B7B55022D6B3F084599 /* Pods-WhereRU.release.xcconfig */;
			buildSettings = {
				ASSETCATALOG_COMPILER_APPICON_NAME = AppIcon;
				ASSETCATALOG_COMPILER_GLOBAL_ACCENT_COLOR_NAME = AccentColor;
				CLANG_ENABLE_OBJC_ARC = YES;
				CODE_SIGN_STYLE = Automatic;
				CURRENT_PROJECT_VERSION = 1;
				DEVELOPMENT_TEAM = RLXHF6WVG6;
				"EXCLUDED_ARCHS[sdk=*]" = arm64;
				FRAMEWORK_SEARCH_PATHS = (
					"$(inherited)",
					"$(PROJECT_DIR)",
					"\"${PODS_ROOT}/NMapsMap/framework\"",
					"\"${PODS_XCFRAMEWORKS_BUILD_DIR}/NMapsMap\"",
				);
				GENERATE_INFOPLIST_FILE = YES;
				INFOPLIST_FILE = WhereRU/Info.plist;
				INFOPLIST_KEY_UIApplicationSupportsIndirectInputEvents = YES;
				INFOPLIST_KEY_UILaunchStoryboardName = LaunchScreen;
				INFOPLIST_KEY_UISupportedInterfaceOrientations_iPad = "UIInterfaceOrientationPortrait UIInterfaceOrientationPortraitUpsideDown UIInterfaceOrientationLandscapeLeft UIInterfaceOrientationLandscapeRight";
				INFOPLIST_KEY_UISupportedInterfaceOrientations_iPhone = "UIInterfaceOrientationPortrait UIInterfaceOrientationLandscapeLeft UIInterfaceOrientationLandscapeRight";
				LD_RUNPATH_SEARCH_PATHS = (
					"$(inherited)",
					"@executable_path/Frameworks",
				);
				MARKETING_VERSION = 1.0;
				PRODUCT_BUNDLE_IDENTIFIER = com.WhereRU;
				PRODUCT_NAME = "$(TARGET_NAME)";
				SWIFT_EMIT_LOC_STRINGS = YES;
				SWIFT_OBJC_BRIDGING_HEADER = "";
				SWIFT_VERSION = 5.0;
				TARGETED_DEVICE_FAMILY = "1,2";
				VALIDATE_WORKSPACE = NO;
			};
			name = Release;
		};
		C7D31A3828BF51E100940AFE /* Debug */ = {
			isa = XCBuildConfiguration;
			baseConfigurationReference = 5DE365E38DF3D59E00915A6D /* Pods-WhereRUTests.debug.xcconfig */;
			buildSettings = {
				ALWAYS_EMBED_SWIFT_STANDARD_LIBRARIES = YES;
				BUNDLE_LOADER = "$(TEST_HOST)";
				CODE_SIGN_STYLE = Automatic;
				CURRENT_PROJECT_VERSION = 1;
				DEVELOPMENT_TEAM = RLXHF6WVG6;
				GENERATE_INFOPLIST_FILE = YES;
				IPHONEOS_DEPLOYMENT_TARGET = 15.5;
				MARKETING_VERSION = 1.0;
				PRODUCT_BUNDLE_IDENTIFIER = com.WhereRUTests;
				PRODUCT_NAME = "$(TARGET_NAME)";
				SWIFT_EMIT_LOC_STRINGS = NO;
				SWIFT_VERSION = 5.0;
				TARGETED_DEVICE_FAMILY = "1,2";
				TEST_HOST = "$(BUILT_PRODUCTS_DIR)/WhereRU.app/WhereRU";
			};
			name = Debug;
		};
		C7D31A3928BF51E100940AFE /* Release */ = {
			isa = XCBuildConfiguration;
			baseConfigurationReference = FAFEDE1DBF271C424FDBDC70 /* Pods-WhereRUTests.release.xcconfig */;
			buildSettings = {
				ALWAYS_EMBED_SWIFT_STANDARD_LIBRARIES = YES;
				BUNDLE_LOADER = "$(TEST_HOST)";
				CODE_SIGN_STYLE = Automatic;
				CURRENT_PROJECT_VERSION = 1;
				DEVELOPMENT_TEAM = RLXHF6WVG6;
				GENERATE_INFOPLIST_FILE = YES;
				IPHONEOS_DEPLOYMENT_TARGET = 15.5;
				MARKETING_VERSION = 1.0;
				PRODUCT_BUNDLE_IDENTIFIER = com.WhereRUTests;
				PRODUCT_NAME = "$(TARGET_NAME)";
				SWIFT_EMIT_LOC_STRINGS = NO;
				SWIFT_VERSION = 5.0;
				TARGETED_DEVICE_FAMILY = "1,2";
				TEST_HOST = "$(BUILT_PRODUCTS_DIR)/WhereRU.app/WhereRU";
			};
			name = Release;
		};
		C7D31A3B28BF51E100940AFE /* Debug */ = {
			isa = XCBuildConfiguration;
			baseConfigurationReference = B402C054E58C034B3D6933BD /* Pods-WhereRU-WhereRUUITests.debug.xcconfig */;
			buildSettings = {
				ALWAYS_EMBED_SWIFT_STANDARD_LIBRARIES = YES;
				CODE_SIGN_STYLE = Automatic;
				CURRENT_PROJECT_VERSION = 1;
				DEVELOPMENT_TEAM = RLXHF6WVG6;
				GENERATE_INFOPLIST_FILE = YES;
				MARKETING_VERSION = 1.0;
				PRODUCT_BUNDLE_IDENTIFIER = com.WhereRUUITests;
				PRODUCT_NAME = "$(TARGET_NAME)";
				SWIFT_EMIT_LOC_STRINGS = NO;
				SWIFT_VERSION = 5.0;
				TARGETED_DEVICE_FAMILY = "1,2";
				TEST_TARGET_NAME = WhereRU;
			};
			name = Debug;
		};
		C7D31A3C28BF51E100940AFE /* Release */ = {
			isa = XCBuildConfiguration;
			baseConfigurationReference = 23BAA7C0C3289CB5223A67DA /* Pods-WhereRU-WhereRUUITests.release.xcconfig */;
			buildSettings = {
				ALWAYS_EMBED_SWIFT_STANDARD_LIBRARIES = YES;
				CODE_SIGN_STYLE = Automatic;
				CURRENT_PROJECT_VERSION = 1;
				DEVELOPMENT_TEAM = RLXHF6WVG6;
				GENERATE_INFOPLIST_FILE = YES;
				MARKETING_VERSION = 1.0;
				PRODUCT_BUNDLE_IDENTIFIER = com.WhereRUUITests;
				PRODUCT_NAME = "$(TARGET_NAME)";
				SWIFT_EMIT_LOC_STRINGS = NO;
				SWIFT_VERSION = 5.0;
				TARGETED_DEVICE_FAMILY = "1,2";
				TEST_TARGET_NAME = WhereRU;
			};
			name = Release;
		};
/* End XCBuildConfiguration section */

/* Begin XCConfigurationList section */
		C7D31A0528BF51DF00940AFE /* Build configuration list for PBXProject "WhereRU" */ = {
			isa = XCConfigurationList;
			buildConfigurations = (
				C7D31A3228BF51E100940AFE /* Debug */,
				C7D31A3328BF51E100940AFE /* Release */,
			);
			defaultConfigurationIsVisible = 0;
			defaultConfigurationName = Release;
		};
		C7D31A3428BF51E100940AFE /* Build configuration list for PBXNativeTarget "WhereRU" */ = {
			isa = XCConfigurationList;
			buildConfigurations = (
				C7D31A3528BF51E100940AFE /* Debug */,
				C7D31A3628BF51E100940AFE /* Release */,
			);
			defaultConfigurationIsVisible = 0;
			defaultConfigurationName = Release;
		};
		C7D31A3728BF51E100940AFE /* Build configuration list for PBXNativeTarget "WhereRUTests" */ = {
			isa = XCConfigurationList;
			buildConfigurations = (
				C7D31A3828BF51E100940AFE /* Debug */,
				C7D31A3928BF51E100940AFE /* Release */,
			);
			defaultConfigurationIsVisible = 0;
			defaultConfigurationName = Release;
		};
		C7D31A3A28BF51E100940AFE /* Build configuration list for PBXNativeTarget "WhereRUUITests" */ = {
			isa = XCConfigurationList;
			buildConfigurations = (
				C7D31A3B28BF51E100940AFE /* Debug */,
				C7D31A3C28BF51E100940AFE /* Release */,
			);
			defaultConfigurationIsVisible = 0;
			defaultConfigurationName = Release;
		};
/* End XCConfigurationList section */

/* Begin XCRemoteSwiftPackageReference section */
		C700801C28C71E0F00FC7709 /* XCRemoteSwiftPackageReference "Alamofire" */ = {
			isa = XCRemoteSwiftPackageReference;
			repositoryURL = "https://github.com/Alamofire/Alamofire";
			requirement = {
				kind = upToNextMajorVersion;
				minimumVersion = 5.0.0;
			};
		};
		C7D31A4228C08D3100940AFE /* XCRemoteSwiftPackageReference "SnapKit" */ = {
			isa = XCRemoteSwiftPackageReference;
			repositoryURL = "https://github.com/SnapKit/SnapKit";
			requirement = {
				kind = upToNextMajorVersion;
				minimumVersion = 5.0.0;
			};
		};
/* End XCRemoteSwiftPackageReference section */

/* Begin XCSwiftPackageProductDependency section */
		C700801D28C71E0F00FC7709 /* Alamofire */ = {
			isa = XCSwiftPackageProductDependency;
			package = C700801C28C71E0F00FC7709 /* XCRemoteSwiftPackageReference "Alamofire" */;
			productName = Alamofire;
		};
		C7D31A4328C08D3100940AFE /* SnapKit */ = {
			isa = XCSwiftPackageProductDependency;
			package = C7D31A4228C08D3100940AFE /* XCRemoteSwiftPackageReference "SnapKit" */;
			productName = SnapKit;
		};
/* End XCSwiftPackageProductDependency section */
	};
	rootObject = C7D31A0228BF51DF00940AFE /* Project object */;
}
