// !$*UTF8*$!
{
	archiveVersion = 1;
	classes = {
	};
	objectVersion = 55;
	objects = {

/* Begin PBXBuildFile section */
		00AA1A16EDE7C82F0C773936 /* Pods_WhereRUTests.framework in Frameworks */ = {isa = PBXBuildFile; fileRef = FFE4E1B0CB3D91099AED7A84 /* Pods_WhereRUTests.framework */; };
		C700870F28C85D2F00FC7709 /* CLLocationCoordinate2D + extension.swift in Sources */ = {isa = PBXBuildFile; fileRef = C700870E28C85D2F00FC7709 /* CLLocationCoordinate2D + extension.swift */; };
		C72B16E128D82B9B001FAEE7 /* GoogleMaps.xcframework in Frameworks */ = {isa = PBXBuildFile; fileRef = C72B16D928D82B47001FAEE7 /* GoogleMaps.xcframework */; };
		C72B16E328D82B9B001FAEE7 /* GoogleMapsBase.xcframework in Frameworks */ = {isa = PBXBuildFile; fileRef = C72B16DB28D82B4C001FAEE7 /* GoogleMapsBase.xcframework */; };
		C72B16E528D82B9B001FAEE7 /* GoogleMapsCore.xcframework in Frameworks */ = {isa = PBXBuildFile; fileRef = C72B16DD28D82B4C001FAEE7 /* GoogleMapsCore.xcframework */; };
		C72B16ED28D82C3E001FAEE7 /* Accelerate.framework in Frameworks */ = {isa = PBXBuildFile; fileRef = C72B16EC28D82C3E001FAEE7 /* Accelerate.framework */; };
		C72B16EF28D82C44001FAEE7 /* CoreData.framework in Frameworks */ = {isa = PBXBuildFile; fileRef = C72B16EE28D82C44001FAEE7 /* CoreData.framework */; };
		C72B16F128D82C4B001FAEE7 /* CoreGraphics.framework in Frameworks */ = {isa = PBXBuildFile; fileRef = C72B16F028D82C4B001FAEE7 /* CoreGraphics.framework */; };
		C72B16F328D82C52001FAEE7 /* CoreImage.framework in Frameworks */ = {isa = PBXBuildFile; fileRef = C72B16F228D82C52001FAEE7 /* CoreImage.framework */; };
		C72B16F528D82C58001FAEE7 /* CoreLocation.framework in Frameworks */ = {isa = PBXBuildFile; fileRef = C72B16F428D82C58001FAEE7 /* CoreLocation.framework */; };
		C72B16F728D82C5F001FAEE7 /* CoreTelephony.framework in Frameworks */ = {isa = PBXBuildFile; fileRef = C72B16F628D82C5F001FAEE7 /* CoreTelephony.framework */; };
		C72B16F928D82C6A001FAEE7 /* CoreText.framework in Frameworks */ = {isa = PBXBuildFile; fileRef = C72B16F828D82C6A001FAEE7 /* CoreText.framework */; };
		C72B16FB28D82C6F001FAEE7 /* GLKit.framework in Frameworks */ = {isa = PBXBuildFile; fileRef = C72B16FA28D82C6F001FAEE7 /* GLKit.framework */; };
		C72B16FD28D82C75001FAEE7 /* ImageIO.framework in Frameworks */ = {isa = PBXBuildFile; fileRef = C72B16FC28D82C75001FAEE7 /* ImageIO.framework */; };
		C72B16FF28D82C7D001FAEE7 /* libc++.tbd in Frameworks */ = {isa = PBXBuildFile; fileRef = C72B16FE28D82C7D001FAEE7 /* libc++.tbd */; };
		C72B170128D82C83001FAEE7 /* libz.tbd in Frameworks */ = {isa = PBXBuildFile; fileRef = C72B170028D82C83001FAEE7 /* libz.tbd */; };
		C72B170328D82C8A001FAEE7 /* Metal.framework in Frameworks */ = {isa = PBXBuildFile; fileRef = C72B170228D82C8A001FAEE7 /* Metal.framework */; };
		C72B170528D82C90001FAEE7 /* OpenGLES.framework in Frameworks */ = {isa = PBXBuildFile; fileRef = C72B170428D82C90001FAEE7 /* OpenGLES.framework */; };
		C72B170728D82C96001FAEE7 /* QuartzCore.framework in Frameworks */ = {isa = PBXBuildFile; fileRef = C72B170628D82C96001FAEE7 /* QuartzCore.framework */; };
		C72B170928D82C9D001FAEE7 /* SystemConfiguration.framework in Frameworks */ = {isa = PBXBuildFile; fileRef = C72B170828D82C9D001FAEE7 /* SystemConfiguration.framework */; };
		C72B170B28D82CA2001FAEE7 /* UIKit.framework in Frameworks */ = {isa = PBXBuildFile; fileRef = C72B170A28D82CA2001FAEE7 /* UIKit.framework */; };
		C72B171328D83779001FAEE7 /* GooglePlaces.bundle in Resources */ = {isa = PBXBuildFile; fileRef = C72B171228D83779001FAEE7 /* GooglePlaces.bundle */; };
		C72B171528D83787001FAEE7 /* GoogleMaps.bundle in Resources */ = {isa = PBXBuildFile; fileRef = C72B171428D83787001FAEE7 /* GoogleMaps.bundle */; };
		C72B171628D83897001FAEE7 /* GooglePlaces.xcframework in Frameworks */ = {isa = PBXBuildFile; fileRef = C72B170E28D8372F001FAEE7 /* GooglePlaces.xcframework */; };
		C74ABA3B28DC1B6E007EE11B /* AddedFriendsCollectionViewCell.swift in Sources */ = {isa = PBXBuildFile; fileRef = C74ABA3A28DC1B6E007EE11B /* AddedFriendsCollectionViewCell.swift */; };
		C74ABA3D28DC218E007EE11B /* CreateRoomViewModel.swift in Sources */ = {isa = PBXBuildFile; fileRef = C74ABA3C28DC218E007EE11B /* CreateRoomViewModel.swift */; };
		C74ABA3F28DC3B15007EE11B /* RoomsTableViewCell.swift in Sources */ = {isa = PBXBuildFile; fileRef = C74ABA3E28DC3B15007EE11B /* RoomsTableViewCell.swift */; };
		C74ABA4128DC4618007EE11B /* String.swift in Sources */ = {isa = PBXBuildFile; fileRef = C74ABA4028DC4618007EE11B /* String.swift */; };
		C74ABA4328DC49B9007EE11B /* EtcView.swift in Sources */ = {isa = PBXBuildFile; fileRef = C74ABA4228DC49B9007EE11B /* EtcView.swift */; };
		C74ABA4528DC49C9007EE11B /* EtcViewController.swift in Sources */ = {isa = PBXBuildFile; fileRef = C74ABA4428DC49C9007EE11B /* EtcViewController.swift */; };
		C74ABA4728DF2D19007EE11B /* Rooms.swift in Sources */ = {isa = PBXBuildFile; fileRef = C74ABA4628DF2D19007EE11B /* Rooms.swift */; };
		C74ABA4928DF2F0B007EE11B /* Codable.swift in Sources */ = {isa = PBXBuildFile; fileRef = C74ABA4828DF2F0B007EE11B /* Codable.swift */; };
		C74ABA4F28E0A32E007EE11B /* EnteredRoomView.swift in Sources */ = {isa = PBXBuildFile; fileRef = C74ABA4E28E0A32E007EE11B /* EnteredRoomView.swift */; };
		C74ABA5128E0A340007EE11B /* EnteredRoomViewController.swift in Sources */ = {isa = PBXBuildFile; fileRef = C74ABA5028E0A340007EE11B /* EnteredRoomViewController.swift */; };
		C74ABA5328E1617C007EE11B /* EnteredRoomViewModel.swift in Sources */ = {isa = PBXBuildFile; fileRef = C74ABA5228E1617C007EE11B /* EnteredRoomViewModel.swift */; };
		C74ABA5528E166E7007EE11B /* EnteredRoomFriendsCollectionViewCell.swift in Sources */ = {isa = PBXBuildFile; fileRef = C74ABA5428E166E7007EE11B /* EnteredRoomFriendsCollectionViewCell.swift */; };
		C7586E1F28C9F395003B6639 /* SignInView.swift in Sources */ = {isa = PBXBuildFile; fileRef = C7586E1E28C9F395003B6639 /* SignInView.swift */; };
		C7586E2128C9F3A2003B6639 /* SignUpView.swift in Sources */ = {isa = PBXBuildFile; fileRef = C7586E2028C9F3A2003B6639 /* SignUpView.swift */; };
		C7586E2328C9F3B9003B6639 /* SignInViewController.swift in Sources */ = {isa = PBXBuildFile; fileRef = C7586E2228C9F3B9003B6639 /* SignInViewController.swift */; };
		C7586E2528C9F3C3003B6639 /* SignUpViewController.swift in Sources */ = {isa = PBXBuildFile; fileRef = C7586E2428C9F3C3003B6639 /* SignUpViewController.swift */; };
		C7586E8A28CDC566003B6639 /* GoogleService-Info.plist in Resources */ = {isa = PBXBuildFile; fileRef = C7586E8928CDC566003B6639 /* GoogleService-Info.plist */; };
		C75D194128DA09B10062732F /* Friends.swift in Sources */ = {isa = PBXBuildFile; fileRef = C75D194028DA09B10062732F /* Friends.swift */; };
		C75D194328DA0A890062732F /* FriendsViewModel.swift in Sources */ = {isa = PBXBuildFile; fileRef = C75D194228DA0A890062732F /* FriendsViewModel.swift */; };
		C75D194528DA0ACD0062732F /* KakaoManager.swift in Sources */ = {isa = PBXBuildFile; fileRef = C75D194428DA0ACD0062732F /* KakaoManager.swift */; };
		C766997F28D30D10005C862C /* AddFriendViewController.swift in Sources */ = {isa = PBXBuildFile; fileRef = C766997E28D30D10005C862C /* AddFriendViewController.swift */; };
		C766998128D30D33005C862C /* AddFriendView.swift in Sources */ = {isa = PBXBuildFile; fileRef = C766998028D30D33005C862C /* AddFriendView.swift */; };
		C7838A6328DAED8500D6D79A /* AddFriendTableViewCell.swift in Sources */ = {isa = PBXBuildFile; fileRef = C7838A6228DAED8500D6D79A /* AddFriendTableViewCell.swift */; };
		C7838A7128DAFE5E00D6D79A /* WhereRUTests.swift in Sources */ = {isa = PBXBuildFile; fileRef = C7838A6A28DAFDD400D6D79A /* WhereRUTests.swift */; };
		C7838A7928DB003100D6D79A /* WhereRUTests.swift in Sources */ = {isa = PBXBuildFile; fileRef = C7838A7828DB003100D6D79A /* WhereRUTests.swift */; };
		C7838A8628DB003700D6D79A /* WhereRUUITests.swift in Sources */ = {isa = PBXBuildFile; fileRef = C7838A8528DB003700D6D79A /* WhereRUUITests.swift */; };
		C7838A8828DB003700D6D79A /* WhereRUUITestsLaunchTests.swift in Sources */ = {isa = PBXBuildFile; fileRef = C7838A8728DB003700D6D79A /* WhereRUUITestsLaunchTests.swift */; };
		C7838A8F28DB007400D6D79A /* XCTest.framework in Frameworks */ = {isa = PBXBuildFile; fileRef = C7838A8E28DB007400D6D79A /* XCTest.framework */; settings = {ATTRIBUTES = (Weak, ); }; };
		C7CFA81628D1A687008AA02C /* FirebaseManager.swift in Sources */ = {isa = PBXBuildFile; fileRef = C7CFA81528D1A687008AA02C /* FirebaseManager.swift */; };
		C7D31A0E28BF51DF00940AFE /* AppDelegate.swift in Sources */ = {isa = PBXBuildFile; fileRef = C7D31A0D28BF51DF00940AFE /* AppDelegate.swift */; };
		C7D31A1028BF51DF00940AFE /* SceneDelegate.swift in Sources */ = {isa = PBXBuildFile; fileRef = C7D31A0F28BF51DF00940AFE /* SceneDelegate.swift */; };
		C7D31A1228BF51DF00940AFE /* FriendsViewController.swift in Sources */ = {isa = PBXBuildFile; fileRef = C7D31A1128BF51DF00940AFE /* FriendsViewController.swift */; };
		C7D31A1728BF51E100940AFE /* Assets.xcassets in Resources */ = {isa = PBXBuildFile; fileRef = C7D31A1628BF51E100940AFE /* Assets.xcassets */; };
		C7D31A1A28BF51E100940AFE /* LaunchScreen.storyboard in Resources */ = {isa = PBXBuildFile; fileRef = C7D31A1828BF51E100940AFE /* LaunchScreen.storyboard */; };
		C7D31A4628C0902200940AFE /* FriendsView.swift in Sources */ = {isa = PBXBuildFile; fileRef = C7D31A4528C0902200940AFE /* FriendsView.swift */; };
		C7D31A4928C090CD00940AFE /* TabBarViewController.swift in Sources */ = {isa = PBXBuildFile; fileRef = C7D31A4828C090CD00940AFE /* TabBarViewController.swift */; };
		C7D31A4D28C0911700940AFE /* BaseViewController.swift in Sources */ = {isa = PBXBuildFile; fileRef = C7D31A4C28C0911700940AFE /* BaseViewController.swift */; };
		C7D31A4F28C096BF00940AFE /* RoomsViewController.swift in Sources */ = {isa = PBXBuildFile; fileRef = C7D31A4E28C096BF00940AFE /* RoomsViewController.swift */; };
		C7D31A5328C099CC00940AFE /* RoomsView.swift in Sources */ = {isa = PBXBuildFile; fileRef = C7D31A5228C099CC00940AFE /* RoomsView.swift */; };
		C7D31A5728C1CE2C00940AFE /* RoomsViewModel.swift in Sources */ = {isa = PBXBuildFile; fileRef = C7D31A5628C1CE2C00940AFE /* RoomsViewModel.swift */; };
		C7D31A5B28C1CE6300940AFE /* LocationManager.swift in Sources */ = {isa = PBXBuildFile; fileRef = C7D31A5A28C1CE6300940AFE /* LocationManager.swift */; };
		C7D31A5D28C1D28900940AFE /* CreateRoomView.swift in Sources */ = {isa = PBXBuildFile; fileRef = C7D31A5C28C1D28900940AFE /* CreateRoomView.swift */; };
		C7D31A5F28C1D2A200940AFE /* CreateRoomViewController.swift in Sources */ = {isa = PBXBuildFile; fileRef = C7D31A5E28C1D2A200940AFE /* CreateRoomViewController.swift */; };
		C7D31A6228C1D4F100940AFE /* FriendsTableViewCell.swift in Sources */ = {isa = PBXBuildFile; fileRef = C7D31A6128C1D4F100940AFE /* FriendsTableViewCell.swift */; };
		C7D31A6428C1DE0200940AFE /* FindPlaceView.swift in Sources */ = {isa = PBXBuildFile; fileRef = C7D31A6328C1DE0200940AFE /* FindPlaceView.swift */; };
		C7D31A6628C474B700940AFE /* FindPlaceViewController.swift in Sources */ = {isa = PBXBuildFile; fileRef = C7D31A6528C474B700940AFE /* FindPlaceViewController.swift */; };
		C7D31A6828C4924F00940AFE /* FindPlaceViewModel.swift in Sources */ = {isa = PBXBuildFile; fileRef = C7D31A6728C4924F00940AFE /* FindPlaceViewModel.swift */; };
		C8C3C0DDD84544FD2C3DC787 /* Pods_WhereRU.framework in Frameworks */ = {isa = PBXBuildFile; fileRef = A7B67082111DCE1FC5449EB0 /* Pods_WhereRU.framework */; };
		E2B68F266F1CD24555D1F57F /* Pods_WhereRU_WhereRUUITests.framework in Frameworks */ = {isa = PBXBuildFile; fileRef = 3B71C0CB55BF5895E1BFFF4C /* Pods_WhereRU_WhereRUUITests.framework */; };
/* End PBXBuildFile section */

/* Begin PBXContainerItemProxy section */
		C7838A7A28DB003100D6D79A /* PBXContainerItemProxy */ = {
			isa = PBXContainerItemProxy;
			containerPortal = C7D31A0228BF51DF00940AFE /* Project object */;
			proxyType = 1;
			remoteGlobalIDString = C7D31A0928BF51DF00940AFE;
			remoteInfo = WhereRU;
		};
		C7838A8928DB003700D6D79A /* PBXContainerItemProxy */ = {
			isa = PBXContainerItemProxy;
			containerPortal = C7D31A0228BF51DF00940AFE /* Project object */;
			proxyType = 1;
			remoteGlobalIDString = C7D31A0928BF51DF00940AFE;
			remoteInfo = WhereRU;
		};
/* End PBXContainerItemProxy section */

/* Begin PBXFileReference section */
		3B71C0CB55BF5895E1BFFF4C /* Pods_WhereRU_WhereRUUITests.framework */ = {isa = PBXFileReference; explicitFileType = wrapper.framework; includeInIndex = 0; path = Pods_WhereRU_WhereRUUITests.framework; sourceTree = BUILT_PRODUCTS_DIR; };
		43D9E3AE721265ACD78867EF /* Pods-WhereRU-WhereRUUITests.debug.xcconfig */ = {isa = PBXFileReference; includeInIndex = 1; lastKnownFileType = text.xcconfig; name = "Pods-WhereRU-WhereRUUITests.debug.xcconfig"; path = "Target Support Files/Pods-WhereRU-WhereRUUITests/Pods-WhereRU-WhereRUUITests.debug.xcconfig"; sourceTree = "<group>"; };
		58937F38D7FCB7FFDA56CA8C /* Pods-WhereRU.debug.xcconfig */ = {isa = PBXFileReference; includeInIndex = 1; lastKnownFileType = text.xcconfig; name = "Pods-WhereRU.debug.xcconfig"; path = "Target Support Files/Pods-WhereRU/Pods-WhereRU.debug.xcconfig"; sourceTree = "<group>"; };
		5C6ECACF1C8DCE8F2F41F4EA /* Pods-WhereRUTests.release.xcconfig */ = {isa = PBXFileReference; includeInIndex = 1; lastKnownFileType = text.xcconfig; name = "Pods-WhereRUTests.release.xcconfig"; path = "Target Support Files/Pods-WhereRUTests/Pods-WhereRUTests.release.xcconfig"; sourceTree = "<group>"; };
		7669A210B39F6E63E9DA1B80 /* Pods-WhereRUTests.debug.xcconfig */ = {isa = PBXFileReference; includeInIndex = 1; lastKnownFileType = text.xcconfig; name = "Pods-WhereRUTests.debug.xcconfig"; path = "Target Support Files/Pods-WhereRUTests/Pods-WhereRUTests.debug.xcconfig"; sourceTree = "<group>"; };
		94ACFA7EB87621974FCCFF0B /* Pods-WhereRU.release.xcconfig */ = {isa = PBXFileReference; includeInIndex = 1; lastKnownFileType = text.xcconfig; name = "Pods-WhereRU.release.xcconfig"; path = "Target Support Files/Pods-WhereRU/Pods-WhereRU.release.xcconfig"; sourceTree = "<group>"; };
		95265801D1D537C7037C9455 /* Pods-WhereRU-WhereRUUITests.release.xcconfig */ = {isa = PBXFileReference; includeInIndex = 1; lastKnownFileType = text.xcconfig; name = "Pods-WhereRU-WhereRUUITests.release.xcconfig"; path = "Target Support Files/Pods-WhereRU-WhereRUUITests/Pods-WhereRU-WhereRUUITests.release.xcconfig"; sourceTree = "<group>"; };
		A7B67082111DCE1FC5449EB0 /* Pods_WhereRU.framework */ = {isa = PBXFileReference; explicitFileType = wrapper.framework; includeInIndex = 0; path = Pods_WhereRU.framework; sourceTree = BUILT_PRODUCTS_DIR; };
		C700870E28C85D2F00FC7709 /* CLLocationCoordinate2D + extension.swift */ = {isa = PBXFileReference; lastKnownFileType = sourcecode.swift; path = "CLLocationCoordinate2D + extension.swift"; sourceTree = "<group>"; };
		C72B16D928D82B47001FAEE7 /* GoogleMaps.xcframework */ = {isa = PBXFileReference; lastKnownFileType = wrapper.xcframework; name = GoogleMaps.xcframework; path = Carthage/Build/GoogleMaps.xcframework; sourceTree = "<group>"; };
		C72B16DB28D82B4C001FAEE7 /* GoogleMapsBase.xcframework */ = {isa = PBXFileReference; lastKnownFileType = wrapper.xcframework; name = GoogleMapsBase.xcframework; path = Carthage/Build/GoogleMapsBase.xcframework; sourceTree = "<group>"; };
		C72B16DC28D82B4C001FAEE7 /* GoogleMapsM4B.xcframework */ = {isa = PBXFileReference; lastKnownFileType = wrapper.xcframework; name = GoogleMapsM4B.xcframework; path = Carthage/Build/GoogleMapsM4B.xcframework; sourceTree = "<group>"; };
		C72B16DD28D82B4C001FAEE7 /* GoogleMapsCore.xcframework */ = {isa = PBXFileReference; lastKnownFileType = wrapper.xcframework; name = GoogleMapsCore.xcframework; path = Carthage/Build/GoogleMapsCore.xcframework; sourceTree = "<group>"; };
		C72B16EC28D82C3E001FAEE7 /* Accelerate.framework */ = {isa = PBXFileReference; lastKnownFileType = wrapper.framework; name = Accelerate.framework; path = System/Library/Frameworks/Accelerate.framework; sourceTree = SDKROOT; };
		C72B16EE28D82C44001FAEE7 /* CoreData.framework */ = {isa = PBXFileReference; lastKnownFileType = wrapper.framework; name = CoreData.framework; path = System/Library/Frameworks/CoreData.framework; sourceTree = SDKROOT; };
		C72B16F028D82C4B001FAEE7 /* CoreGraphics.framework */ = {isa = PBXFileReference; lastKnownFileType = wrapper.framework; name = CoreGraphics.framework; path = System/Library/Frameworks/CoreGraphics.framework; sourceTree = SDKROOT; };
		C72B16F228D82C52001FAEE7 /* CoreImage.framework */ = {isa = PBXFileReference; lastKnownFileType = wrapper.framework; name = CoreImage.framework; path = System/Library/Frameworks/CoreImage.framework; sourceTree = SDKROOT; };
		C72B16F428D82C58001FAEE7 /* CoreLocation.framework */ = {isa = PBXFileReference; lastKnownFileType = wrapper.framework; name = CoreLocation.framework; path = System/Library/Frameworks/CoreLocation.framework; sourceTree = SDKROOT; };
		C72B16F628D82C5F001FAEE7 /* CoreTelephony.framework */ = {isa = PBXFileReference; lastKnownFileType = wrapper.framework; name = CoreTelephony.framework; path = System/Library/Frameworks/CoreTelephony.framework; sourceTree = SDKROOT; };
		C72B16F828D82C6A001FAEE7 /* CoreText.framework */ = {isa = PBXFileReference; lastKnownFileType = wrapper.framework; name = CoreText.framework; path = System/Library/Frameworks/CoreText.framework; sourceTree = SDKROOT; };
		C72B16FA28D82C6F001FAEE7 /* GLKit.framework */ = {isa = PBXFileReference; lastKnownFileType = wrapper.framework; name = GLKit.framework; path = System/Library/Frameworks/GLKit.framework; sourceTree = SDKROOT; };
		C72B16FC28D82C75001FAEE7 /* ImageIO.framework */ = {isa = PBXFileReference; lastKnownFileType = wrapper.framework; name = ImageIO.framework; path = System/Library/Frameworks/ImageIO.framework; sourceTree = SDKROOT; };
		C72B16FE28D82C7D001FAEE7 /* libc++.tbd */ = {isa = PBXFileReference; lastKnownFileType = "sourcecode.text-based-dylib-definition"; name = "libc++.tbd"; path = "usr/lib/libc++.tbd"; sourceTree = SDKROOT; };
		C72B170028D82C83001FAEE7 /* libz.tbd */ = {isa = PBXFileReference; lastKnownFileType = "sourcecode.text-based-dylib-definition"; name = libz.tbd; path = usr/lib/libz.tbd; sourceTree = SDKROOT; };
		C72B170228D82C8A001FAEE7 /* Metal.framework */ = {isa = PBXFileReference; lastKnownFileType = wrapper.framework; name = Metal.framework; path = System/Library/Frameworks/Metal.framework; sourceTree = SDKROOT; };
		C72B170428D82C90001FAEE7 /* OpenGLES.framework */ = {isa = PBXFileReference; lastKnownFileType = wrapper.framework; name = OpenGLES.framework; path = System/Library/Frameworks/OpenGLES.framework; sourceTree = SDKROOT; };
		C72B170628D82C96001FAEE7 /* QuartzCore.framework */ = {isa = PBXFileReference; lastKnownFileType = wrapper.framework; name = QuartzCore.framework; path = System/Library/Frameworks/QuartzCore.framework; sourceTree = SDKROOT; };
		C72B170828D82C9D001FAEE7 /* SystemConfiguration.framework */ = {isa = PBXFileReference; lastKnownFileType = wrapper.framework; name = SystemConfiguration.framework; path = System/Library/Frameworks/SystemConfiguration.framework; sourceTree = SDKROOT; };
		C72B170A28D82CA2001FAEE7 /* UIKit.framework */ = {isa = PBXFileReference; lastKnownFileType = wrapper.framework; name = UIKit.framework; path = System/Library/Frameworks/UIKit.framework; sourceTree = SDKROOT; };
		C72B170E28D8372F001FAEE7 /* GooglePlaces.xcframework */ = {isa = PBXFileReference; lastKnownFileType = wrapper.xcframework; name = GooglePlaces.xcframework; path = Carthage/Build/GooglePlaces.xcframework; sourceTree = "<group>"; };
		C72B171228D83779001FAEE7 /* GooglePlaces.bundle */ = {isa = PBXFileReference; lastKnownFileType = "wrapper.plug-in"; name = GooglePlaces.bundle; path = "Carthage/Build/GooglePlaces.xcframework/ios-arm64_x86_64-simulator/GooglePlaces.framework/Resources/GooglePlaces.bundle"; sourceTree = "<group>"; };
		C72B171428D83787001FAEE7 /* GoogleMaps.bundle */ = {isa = PBXFileReference; lastKnownFileType = "wrapper.plug-in"; name = GoogleMaps.bundle; path = "Carthage/Build/GoogleMaps.xcframework/ios-arm64_x86_64-simulator/GoogleMaps.framework/Resources/GoogleMaps.bundle"; sourceTree = "<group>"; };
		C74ABA3A28DC1B6E007EE11B /* AddedFriendsCollectionViewCell.swift */ = {isa = PBXFileReference; lastKnownFileType = sourcecode.swift; path = AddedFriendsCollectionViewCell.swift; sourceTree = "<group>"; };
		C74ABA3C28DC218E007EE11B /* CreateRoomViewModel.swift */ = {isa = PBXFileReference; lastKnownFileType = sourcecode.swift; path = CreateRoomViewModel.swift; sourceTree = "<group>"; };
		C74ABA3E28DC3B15007EE11B /* RoomsTableViewCell.swift */ = {isa = PBXFileReference; lastKnownFileType = sourcecode.swift; path = RoomsTableViewCell.swift; sourceTree = "<group>"; };
		C74ABA4028DC4618007EE11B /* String.swift */ = {isa = PBXFileReference; lastKnownFileType = sourcecode.swift; path = String.swift; sourceTree = "<group>"; };
		C74ABA4228DC49B9007EE11B /* EtcView.swift */ = {isa = PBXFileReference; lastKnownFileType = sourcecode.swift; path = EtcView.swift; sourceTree = "<group>"; };
		C74ABA4428DC49C9007EE11B /* EtcViewController.swift */ = {isa = PBXFileReference; lastKnownFileType = sourcecode.swift; path = EtcViewController.swift; sourceTree = "<group>"; };
		C74ABA4628DF2D19007EE11B /* Rooms.swift */ = {isa = PBXFileReference; lastKnownFileType = sourcecode.swift; path = Rooms.swift; sourceTree = "<group>"; };
		C74ABA4828DF2F0B007EE11B /* Codable.swift */ = {isa = PBXFileReference; lastKnownFileType = sourcecode.swift; path = Codable.swift; sourceTree = "<group>"; };
		C74ABA4E28E0A32E007EE11B /* EnteredRoomView.swift */ = {isa = PBXFileReference; lastKnownFileType = sourcecode.swift; path = EnteredRoomView.swift; sourceTree = "<group>"; };
		C74ABA5028E0A340007EE11B /* EnteredRoomViewController.swift */ = {isa = PBXFileReference; lastKnownFileType = sourcecode.swift; path = EnteredRoomViewController.swift; sourceTree = "<group>"; };
		C74ABA5228E1617C007EE11B /* EnteredRoomViewModel.swift */ = {isa = PBXFileReference; lastKnownFileType = sourcecode.swift; path = EnteredRoomViewModel.swift; sourceTree = "<group>"; };
		C74ABA5428E166E7007EE11B /* EnteredRoomFriendsCollectionViewCell.swift */ = {isa = PBXFileReference; lastKnownFileType = sourcecode.swift; path = EnteredRoomFriendsCollectionViewCell.swift; sourceTree = "<group>"; };
		C7586E1E28C9F395003B6639 /* SignInView.swift */ = {isa = PBXFileReference; lastKnownFileType = sourcecode.swift; path = SignInView.swift; sourceTree = "<group>"; };
		C7586E2028C9F3A2003B6639 /* SignUpView.swift */ = {isa = PBXFileReference; lastKnownFileType = sourcecode.swift; path = SignUpView.swift; sourceTree = "<group>"; };
		C7586E2228C9F3B9003B6639 /* SignInViewController.swift */ = {isa = PBXFileReference; lastKnownFileType = sourcecode.swift; path = SignInViewController.swift; sourceTree = "<group>"; };
		C7586E2428C9F3C3003B6639 /* SignUpViewController.swift */ = {isa = PBXFileReference; lastKnownFileType = sourcecode.swift; path = SignUpViewController.swift; sourceTree = "<group>"; };
		C7586E8928CDC566003B6639 /* GoogleService-Info.plist */ = {isa = PBXFileReference; fileEncoding = 4; lastKnownFileType = text.plist.xml; name = "GoogleService-Info.plist"; path = "../../../Downloads/GoogleService-Info.plist"; sourceTree = "<group>"; };
		C75D194028DA09B10062732F /* Friends.swift */ = {isa = PBXFileReference; lastKnownFileType = sourcecode.swift; path = Friends.swift; sourceTree = "<group>"; };
		C75D194228DA0A890062732F /* FriendsViewModel.swift */ = {isa = PBXFileReference; lastKnownFileType = sourcecode.swift; path = FriendsViewModel.swift; sourceTree = "<group>"; };
		C75D194428DA0ACD0062732F /* KakaoManager.swift */ = {isa = PBXFileReference; lastKnownFileType = sourcecode.swift; path = KakaoManager.swift; sourceTree = "<group>"; };
		C766997E28D30D10005C862C /* AddFriendViewController.swift */ = {isa = PBXFileReference; lastKnownFileType = sourcecode.swift; path = AddFriendViewController.swift; sourceTree = "<group>"; };
		C766998028D30D33005C862C /* AddFriendView.swift */ = {isa = PBXFileReference; lastKnownFileType = sourcecode.swift; path = AddFriendView.swift; sourceTree = "<group>"; };
		C7838A6228DAED8500D6D79A /* AddFriendTableViewCell.swift */ = {isa = PBXFileReference; lastKnownFileType = sourcecode.swift; path = AddFriendTableViewCell.swift; sourceTree = "<group>"; };
		C7838A6A28DAFDD400D6D79A /* WhereRUTests.swift */ = {isa = PBXFileReference; lastKnownFileType = sourcecode.swift; path = WhereRUTests.swift; sourceTree = "<group>"; };
		C7838A7628DB003100D6D79A /* WhereRUTests.xctest */ = {isa = PBXFileReference; explicitFileType = wrapper.cfbundle; includeInIndex = 0; path = WhereRUTests.xctest; sourceTree = BUILT_PRODUCTS_DIR; };
		C7838A7828DB003100D6D79A /* WhereRUTests.swift */ = {isa = PBXFileReference; lastKnownFileType = sourcecode.swift; path = WhereRUTests.swift; sourceTree = "<group>"; };
		C7838A8328DB003700D6D79A /* WhereRUUITests.xctest */ = {isa = PBXFileReference; explicitFileType = wrapper.cfbundle; includeInIndex = 0; path = WhereRUUITests.xctest; sourceTree = BUILT_PRODUCTS_DIR; };
		C7838A8528DB003700D6D79A /* WhereRUUITests.swift */ = {isa = PBXFileReference; lastKnownFileType = sourcecode.swift; path = WhereRUUITests.swift; sourceTree = "<group>"; };
		C7838A8728DB003700D6D79A /* WhereRUUITestsLaunchTests.swift */ = {isa = PBXFileReference; lastKnownFileType = sourcecode.swift; path = WhereRUUITestsLaunchTests.swift; sourceTree = "<group>"; };
		C7838A8E28DB007400D6D79A /* XCTest.framework */ = {isa = PBXFileReference; lastKnownFileType = wrapper.framework; name = XCTest.framework; path = Platforms/iPhoneOS.platform/Developer/Library/Frameworks/XCTest.framework; sourceTree = DEVELOPER_DIR; };
		C7CFA81228CF877A008AA02C /* WhereRU.app */ = {isa = PBXFileReference; explicitFileType = wrapper.application; includeInIndex = 0; path = WhereRU.app; sourceTree = BUILT_PRODUCTS_DIR; };
		C7CFA81528D1A687008AA02C /* FirebaseManager.swift */ = {isa = PBXFileReference; lastKnownFileType = sourcecode.swift; path = FirebaseManager.swift; sourceTree = "<group>"; };
		C7D31A0D28BF51DF00940AFE /* AppDelegate.swift */ = {isa = PBXFileReference; lastKnownFileType = sourcecode.swift; path = AppDelegate.swift; sourceTree = "<group>"; };
		C7D31A0F28BF51DF00940AFE /* SceneDelegate.swift */ = {isa = PBXFileReference; lastKnownFileType = sourcecode.swift; path = SceneDelegate.swift; sourceTree = "<group>"; };
		C7D31A1128BF51DF00940AFE /* FriendsViewController.swift */ = {isa = PBXFileReference; lastKnownFileType = sourcecode.swift; path = FriendsViewController.swift; sourceTree = "<group>"; };
		C7D31A1628BF51E100940AFE /* Assets.xcassets */ = {isa = PBXFileReference; lastKnownFileType = folder.assetcatalog; path = Assets.xcassets; sourceTree = "<group>"; };
		C7D31A1928BF51E100940AFE /* Base */ = {isa = PBXFileReference; lastKnownFileType = file.storyboard; name = Base; path = Base.lproj/LaunchScreen.storyboard; sourceTree = "<group>"; };
		C7D31A1B28BF51E100940AFE /* Info.plist */ = {isa = PBXFileReference; lastKnownFileType = text.plist.xml; path = Info.plist; sourceTree = "<group>"; };
		C7D31A4528C0902200940AFE /* FriendsView.swift */ = {isa = PBXFileReference; lastKnownFileType = sourcecode.swift; path = FriendsView.swift; sourceTree = "<group>"; };
		C7D31A4828C090CD00940AFE /* TabBarViewController.swift */ = {isa = PBXFileReference; lastKnownFileType = sourcecode.swift; path = TabBarViewController.swift; sourceTree = "<group>"; };
		C7D31A4C28C0911700940AFE /* BaseViewController.swift */ = {isa = PBXFileReference; lastKnownFileType = sourcecode.swift; path = BaseViewController.swift; sourceTree = "<group>"; };
		C7D31A4E28C096BF00940AFE /* RoomsViewController.swift */ = {isa = PBXFileReference; lastKnownFileType = sourcecode.swift; path = RoomsViewController.swift; sourceTree = "<group>"; };
		C7D31A5228C099CC00940AFE /* RoomsView.swift */ = {isa = PBXFileReference; lastKnownFileType = sourcecode.swift; path = RoomsView.swift; sourceTree = "<group>"; };
		C7D31A5628C1CE2C00940AFE /* RoomsViewModel.swift */ = {isa = PBXFileReference; lastKnownFileType = sourcecode.swift; path = RoomsViewModel.swift; sourceTree = "<group>"; };
		C7D31A5A28C1CE6300940AFE /* LocationManager.swift */ = {isa = PBXFileReference; lastKnownFileType = sourcecode.swift; path = LocationManager.swift; sourceTree = "<group>"; };
		C7D31A5C28C1D28900940AFE /* CreateRoomView.swift */ = {isa = PBXFileReference; lastKnownFileType = sourcecode.swift; path = CreateRoomView.swift; sourceTree = "<group>"; };
		C7D31A5E28C1D2A200940AFE /* CreateRoomViewController.swift */ = {isa = PBXFileReference; lastKnownFileType = sourcecode.swift; path = CreateRoomViewController.swift; sourceTree = "<group>"; };
		C7D31A6128C1D4F100940AFE /* FriendsTableViewCell.swift */ = {isa = PBXFileReference; lastKnownFileType = sourcecode.swift; path = FriendsTableViewCell.swift; sourceTree = "<group>"; };
		C7D31A6328C1DE0200940AFE /* FindPlaceView.swift */ = {isa = PBXFileReference; lastKnownFileType = sourcecode.swift; path = FindPlaceView.swift; sourceTree = "<group>"; };
		C7D31A6528C474B700940AFE /* FindPlaceViewController.swift */ = {isa = PBXFileReference; lastKnownFileType = sourcecode.swift; path = FindPlaceViewController.swift; sourceTree = "<group>"; };
		C7D31A6728C4924F00940AFE /* FindPlaceViewModel.swift */ = {isa = PBXFileReference; lastKnownFileType = sourcecode.swift; path = FindPlaceViewModel.swift; sourceTree = "<group>"; };
		FFE4E1B0CB3D91099AED7A84 /* Pods_WhereRUTests.framework */ = {isa = PBXFileReference; explicitFileType = wrapper.framework; includeInIndex = 0; path = Pods_WhereRUTests.framework; sourceTree = BUILT_PRODUCTS_DIR; };
/* End PBXFileReference section */

/* Begin PBXFrameworksBuildPhase section */
		C7838A7328DB003100D6D79A /* Frameworks */ = {
			isa = PBXFrameworksBuildPhase;
			buildActionMask = 2147483647;
			files = (
				00AA1A16EDE7C82F0C773936 /* Pods_WhereRUTests.framework in Frameworks */,
			);
			runOnlyForDeploymentPostprocessing = 0;
		};
		C7838A8028DB003700D6D79A /* Frameworks */ = {
			isa = PBXFrameworksBuildPhase;
			buildActionMask = 2147483647;
			files = (
				E2B68F266F1CD24555D1F57F /* Pods_WhereRU_WhereRUUITests.framework in Frameworks */,
			);
			runOnlyForDeploymentPostprocessing = 0;
		};
		C7D31A0728BF51DF00940AFE /* Frameworks */ = {
			isa = PBXFrameworksBuildPhase;
			buildActionMask = 2147483647;
			files = (
				C7838A8F28DB007400D6D79A /* XCTest.framework in Frameworks */,
				C72B170B28D82CA2001FAEE7 /* UIKit.framework in Frameworks */,
				C72B170928D82C9D001FAEE7 /* SystemConfiguration.framework in Frameworks */,
				C72B170728D82C96001FAEE7 /* QuartzCore.framework in Frameworks */,
				C72B170528D82C90001FAEE7 /* OpenGLES.framework in Frameworks */,
				C72B170328D82C8A001FAEE7 /* Metal.framework in Frameworks */,
				C72B170128D82C83001FAEE7 /* libz.tbd in Frameworks */,
				C72B16FF28D82C7D001FAEE7 /* libc++.tbd in Frameworks */,
				C72B16FD28D82C75001FAEE7 /* ImageIO.framework in Frameworks */,
				C72B16FB28D82C6F001FAEE7 /* GLKit.framework in Frameworks */,
				C72B16F928D82C6A001FAEE7 /* CoreText.framework in Frameworks */,
				C72B16F728D82C5F001FAEE7 /* CoreTelephony.framework in Frameworks */,
				C72B16F528D82C58001FAEE7 /* CoreLocation.framework in Frameworks */,
				C72B16F328D82C52001FAEE7 /* CoreImage.framework in Frameworks */,
				C72B16F128D82C4B001FAEE7 /* CoreGraphics.framework in Frameworks */,
				C72B16EF28D82C44001FAEE7 /* CoreData.framework in Frameworks */,
				C72B16ED28D82C3E001FAEE7 /* Accelerate.framework in Frameworks */,
				C72B16E528D82B9B001FAEE7 /* GoogleMapsCore.xcframework in Frameworks */,
				C72B16E328D82B9B001FAEE7 /* GoogleMapsBase.xcframework in Frameworks */,
				C72B16E128D82B9B001FAEE7 /* GoogleMaps.xcframework in Frameworks */,
				C72B171628D83897001FAEE7 /* GooglePlaces.xcframework in Frameworks */,
				C8C3C0DDD84544FD2C3DC787 /* Pods_WhereRU.framework in Frameworks */,
			);
			runOnlyForDeploymentPostprocessing = 0;
		};
/* End PBXFrameworksBuildPhase section */

/* Begin PBXGroup section */
		C59EE6516DCBC5354D9BC204 /* Pods */ = {
			isa = PBXGroup;
			children = (
				58937F38D7FCB7FFDA56CA8C /* Pods-WhereRU.debug.xcconfig */,
				94ACFA7EB87621974FCCFF0B /* Pods-WhereRU.release.xcconfig */,
				43D9E3AE721265ACD78867EF /* Pods-WhereRU-WhereRUUITests.debug.xcconfig */,
				95265801D1D537C7037C9455 /* Pods-WhereRU-WhereRUUITests.release.xcconfig */,
				7669A210B39F6E63E9DA1B80 /* Pods-WhereRUTests.debug.xcconfig */,
				5C6ECACF1C8DCE8F2F41F4EA /* Pods-WhereRUTests.release.xcconfig */,
			);
			path = Pods;
			sourceTree = "<group>";
		};
		C700870D28C85CF800FC7709 /* Extensions */ = {
			isa = PBXGroup;
			children = (
				C700870E28C85D2F00FC7709 /* CLLocationCoordinate2D + extension.swift */,
				C74ABA4028DC4618007EE11B /* String.swift */,
				C74ABA4828DF2F0B007EE11B /* Codable.swift */,
			);
			path = Extensions;
			sourceTree = "<group>";
		};
		C72B16D828D82B47001FAEE7 /* Frameworks */ = {
			isa = PBXGroup;
			children = (
				C7838A8E28DB007400D6D79A /* XCTest.framework */,
				C72B170E28D8372F001FAEE7 /* GooglePlaces.xcframework */,
				C72B170A28D82CA2001FAEE7 /* UIKit.framework */,
				C72B170828D82C9D001FAEE7 /* SystemConfiguration.framework */,
				C72B170628D82C96001FAEE7 /* QuartzCore.framework */,
				C72B170428D82C90001FAEE7 /* OpenGLES.framework */,
				C72B170228D82C8A001FAEE7 /* Metal.framework */,
				C72B170028D82C83001FAEE7 /* libz.tbd */,
				C72B16FE28D82C7D001FAEE7 /* libc++.tbd */,
				C72B16FC28D82C75001FAEE7 /* ImageIO.framework */,
				C72B16FA28D82C6F001FAEE7 /* GLKit.framework */,
				C72B16F828D82C6A001FAEE7 /* CoreText.framework */,
				C72B16F628D82C5F001FAEE7 /* CoreTelephony.framework */,
				C72B16F428D82C58001FAEE7 /* CoreLocation.framework */,
				C72B16F228D82C52001FAEE7 /* CoreImage.framework */,
				C72B16F028D82C4B001FAEE7 /* CoreGraphics.framework */,
				C72B16EE28D82C44001FAEE7 /* CoreData.framework */,
				C72B16EC28D82C3E001FAEE7 /* Accelerate.framework */,
				C72B16DB28D82B4C001FAEE7 /* GoogleMapsBase.xcframework */,
				C72B16DD28D82B4C001FAEE7 /* GoogleMapsCore.xcframework */,
				C72B16DC28D82B4C001FAEE7 /* GoogleMapsM4B.xcframework */,
				C72B16D928D82B47001FAEE7 /* GoogleMaps.xcframework */,
				A7B67082111DCE1FC5449EB0 /* Pods_WhereRU.framework */,
				3B71C0CB55BF5895E1BFFF4C /* Pods_WhereRU_WhereRUUITests.framework */,
				FFE4E1B0CB3D91099AED7A84 /* Pods_WhereRUTests.framework */,
			);
			name = Frameworks;
			sourceTree = "<group>";
		};
		C7838A6928DAFDD400D6D79A /* WhereRUTests */ = {
			isa = PBXGroup;
			children = (
				C7838A6A28DAFDD400D6D79A /* WhereRUTests.swift */,
			);
			path = WhereRUTests;
			sourceTree = "<group>";
		};
		C7838A7728DB003100D6D79A /* WhereRUTests */ = {
			isa = PBXGroup;
			children = (
				C7838A7828DB003100D6D79A /* WhereRUTests.swift */,
			);
			path = WhereRUTests;
			sourceTree = "<group>";
		};
		C7838A8428DB003700D6D79A /* WhereRUUITests */ = {
			isa = PBXGroup;
			children = (
				C7838A8528DB003700D6D79A /* WhereRUUITests.swift */,
				C7838A8728DB003700D6D79A /* WhereRUUITestsLaunchTests.swift */,
			);
			path = WhereRUUITests;
			sourceTree = "<group>";
		};
		C7D31A0128BF51DF00940AFE = {
			isa = PBXGroup;
			children = (
				C72B171428D83787001FAEE7 /* GoogleMaps.bundle */,
				C72B171228D83779001FAEE7 /* GooglePlaces.bundle */,
				C7D31A0C28BF51DF00940AFE /* WhereRU */,
				C59EE6516DCBC5354D9BC204 /* Pods */,
				C7CFA81228CF877A008AA02C /* WhereRU.app */,
				C7838A6928DAFDD400D6D79A /* WhereRUTests */,
				C7838A7728DB003100D6D79A /* WhereRUTests */,
				C7838A8428DB003700D6D79A /* WhereRUUITests */,
				C72B16D828D82B47001FAEE7 /* Frameworks */,
				C7838A7628DB003100D6D79A /* WhereRUTests.xctest */,
				C7838A8328DB003700D6D79A /* WhereRUUITests.xctest */,
			);
			sourceTree = "<group>";
		};
		C7D31A0C28BF51DF00940AFE /* WhereRU */ = {
			isa = PBXGroup;
			children = (
				C7D31A5828C1CE4E00940AFE /* Model */,
				C7D31A3E28BF522F00940AFE /* View */,
				C7D31A4128BF529000940AFE /* ViewModel */,
				C7D31A4728C090A400940AFE /* Utils */,
				C7D31A4028BF525E00940AFE /* Resource */,
				C7D31A3D28BF522200940AFE /* Application */,
				C7D31A1B28BF51E100940AFE /* Info.plist */,
				C7586E8928CDC566003B6639 /* GoogleService-Info.plist */,
			);
			path = WhereRU;
			sourceTree = "<group>";
		};
		C7D31A3D28BF522200940AFE /* Application */ = {
			isa = PBXGroup;
			children = (
				C7D31A0D28BF51DF00940AFE /* AppDelegate.swift */,
				C7D31A0F28BF51DF00940AFE /* SceneDelegate.swift */,
			);
			path = Application;
			sourceTree = "<group>";
		};
		C7D31A3E28BF522F00940AFE /* View */ = {
			isa = PBXGroup;
			children = (
				C7586E1E28C9F395003B6639 /* SignInView.swift */,
				C7586E2028C9F3A2003B6639 /* SignUpView.swift */,
				C7D31A4528C0902200940AFE /* FriendsView.swift */,
				C7D31A5228C099CC00940AFE /* RoomsView.swift */,
				C766998028D30D33005C862C /* AddFriendView.swift */,
				C7D31A5C28C1D28900940AFE /* CreateRoomView.swift */,
				C7D31A6328C1DE0200940AFE /* FindPlaceView.swift */,
				C74ABA4E28E0A32E007EE11B /* EnteredRoomView.swift */,
				C74ABA4228DC49B9007EE11B /* EtcView.swift */,
				C7D31A6028C1D4C500940AFE /* Cell */,
				C7D31A3F28BF523A00940AFE /* Controller */,
			);
			path = View;
			sourceTree = "<group>";
		};
		C7D31A3F28BF523A00940AFE /* Controller */ = {
			isa = PBXGroup;
			children = (
				C7586E2228C9F3B9003B6639 /* SignInViewController.swift */,
				C7586E2428C9F3C3003B6639 /* SignUpViewController.swift */,
				C7D31A1128BF51DF00940AFE /* FriendsViewController.swift */,
				C7D31A4E28C096BF00940AFE /* RoomsViewController.swift */,
				C766997E28D30D10005C862C /* AddFriendViewController.swift */,
				C7D31A5E28C1D2A200940AFE /* CreateRoomViewController.swift */,
				C7D31A6528C474B700940AFE /* FindPlaceViewController.swift */,
				C74ABA4428DC49C9007EE11B /* EtcViewController.swift */,
				C74ABA5028E0A340007EE11B /* EnteredRoomViewController.swift */,
			);
			path = Controller;
			sourceTree = "<group>";
		};
		C7D31A4028BF525E00940AFE /* Resource */ = {
			isa = PBXGroup;
			children = (
				C7D31A1628BF51E100940AFE /* Assets.xcassets */,
				C7D31A1828BF51E100940AFE /* LaunchScreen.storyboard */,
			);
			path = Resource;
			sourceTree = "<group>";
		};
		C7D31A4128BF529000940AFE /* ViewModel */ = {
			isa = PBXGroup;
			children = (
				C7D31A5628C1CE2C00940AFE /* RoomsViewModel.swift */,
				C7D31A6728C4924F00940AFE /* FindPlaceViewModel.swift */,
				C75D194228DA0A890062732F /* FriendsViewModel.swift */,
				C74ABA3C28DC218E007EE11B /* CreateRoomViewModel.swift */,
				C74ABA5228E1617C007EE11B /* EnteredRoomViewModel.swift */,
			);
			path = ViewModel;
			sourceTree = "<group>";
		};
		C7D31A4728C090A400940AFE /* Utils */ = {
			isa = PBXGroup;
			children = (
				C700870D28C85CF800FC7709 /* Extensions */,
				C7D31A4B28C090E200940AFE /* BaseViewController */,
				C7D31A4A28C090D200940AFE /* TabBar */,
			);
			path = Utils;
			sourceTree = "<group>";
		};
		C7D31A4A28C090D200940AFE /* TabBar */ = {
			isa = PBXGroup;
			children = (
				C7D31A4828C090CD00940AFE /* TabBarViewController.swift */,
			);
			path = TabBar;
			sourceTree = "<group>";
		};
		C7D31A4B28C090E200940AFE /* BaseViewController */ = {
			isa = PBXGroup;
			children = (
				C7D31A4C28C0911700940AFE /* BaseViewController.swift */,
			);
			path = BaseViewController;
			sourceTree = "<group>";
		};
		C7D31A5828C1CE4E00940AFE /* Model */ = {
			isa = PBXGroup;
			children = (
				C75D194028DA09B10062732F /* Friends.swift */,
				C74ABA4628DF2D19007EE11B /* Rooms.swift */,
				C7D31A5928C1CE5300940AFE /* Manager */,
			);
			path = Model;
			sourceTree = "<group>";
		};
		C7D31A5928C1CE5300940AFE /* Manager */ = {
			isa = PBXGroup;
			children = (
				C7D31A5A28C1CE6300940AFE /* LocationManager.swift */,
				C7CFA81528D1A687008AA02C /* FirebaseManager.swift */,
				C75D194428DA0ACD0062732F /* KakaoManager.swift */,
			);
			path = Manager;
			sourceTree = "<group>";
		};
		C7D31A6028C1D4C500940AFE /* Cell */ = {
			isa = PBXGroup;
			children = (
				C7D31A6128C1D4F100940AFE /* FriendsTableViewCell.swift */,
				C7838A6228DAED8500D6D79A /* AddFriendTableViewCell.swift */,
				C74ABA3A28DC1B6E007EE11B /* AddedFriendsCollectionViewCell.swift */,
				C74ABA3E28DC3B15007EE11B /* RoomsTableViewCell.swift */,
				C74ABA5428E166E7007EE11B /* EnteredRoomFriendsCollectionViewCell.swift */,
			);
			path = Cell;
			sourceTree = "<group>";
		};
/* End PBXGroup section */

/* Begin PBXNativeTarget section */
		C7838A7528DB003100D6D79A /* WhereRUTests */ = {
			isa = PBXNativeTarget;
			buildConfigurationList = C7838A7C28DB003100D6D79A /* Build configuration list for PBXNativeTarget "WhereRUTests" */;
			buildPhases = (
				82646A1F524A2B9123502FA8 /* [CP] Check Pods Manifest.lock */,
				C7838A7228DB003100D6D79A /* Sources */,
				C7838A7328DB003100D6D79A /* Frameworks */,
				C7838A7428DB003100D6D79A /* Resources */,
			);
			buildRules = (
			);
			dependencies = (
				C7838A7B28DB003100D6D79A /* PBXTargetDependency */,
			);
			name = WhereRUTests;
			productName = WhereRUTests;
			productReference = C7838A7628DB003100D6D79A /* WhereRUTests.xctest */;
			productType = "com.apple.product-type.bundle.unit-test";
		};
		C7838A8228DB003700D6D79A /* WhereRUUITests */ = {
			isa = PBXNativeTarget;
			buildConfigurationList = C7838A8B28DB003700D6D79A /* Build configuration list for PBXNativeTarget "WhereRUUITests" */;
			buildPhases = (
				4485C78A1ECB72FE1E5B129A /* [CP] Check Pods Manifest.lock */,
				C7838A7F28DB003700D6D79A /* Sources */,
				C7838A8028DB003700D6D79A /* Frameworks */,
				C7838A8128DB003700D6D79A /* Resources */,
				A4B25589E9CFDAB2C951C183 /* [CP] Embed Pods Frameworks */,
			);
			buildRules = (
			);
			dependencies = (
				C7838A8A28DB003700D6D79A /* PBXTargetDependency */,
			);
			name = WhereRUUITests;
			productName = WhereRUUITests;
			productReference = C7838A8328DB003700D6D79A /* WhereRUUITests.xctest */;
			productType = "com.apple.product-type.bundle.ui-testing";
		};
		C7D31A0928BF51DF00940AFE /* WhereRU */ = {
			isa = PBXNativeTarget;
			buildConfigurationList = C7D31A3428BF51E100940AFE /* Build configuration list for PBXNativeTarget "WhereRU" */;
			buildPhases = (
				9441D33CD016A390F296A3DA /* [CP] Check Pods Manifest.lock */,
				C7D31A0628BF51DF00940AFE /* Sources */,
				C7D31A0728BF51DF00940AFE /* Frameworks */,
				C7D31A0828BF51DF00940AFE /* Resources */,
				DD8F5AE824D83A0CE0318D9A /* [CP] Embed Pods Frameworks */,
			);
			buildRules = (
			);
			dependencies = (
			);
			name = WhereRU;
			productName = WhereRU;
			productReference = C7CFA81228CF877A008AA02C /* WhereRU.app */;
			productType = "com.apple.product-type.application";
		};
/* End PBXNativeTarget section */

/* Begin PBXProject section */
		C7D31A0228BF51DF00940AFE /* Project object */ = {
			isa = PBXProject;
			attributes = {
				BuildIndependentTargetsInParallel = 1;
				LastSwiftUpdateCheck = 1340;
				LastUpgradeCheck = 1340;
				TargetAttributes = {
					C7838A7528DB003100D6D79A = {
						CreatedOnToolsVersion = 13.4;
						TestTargetID = C7D31A0928BF51DF00940AFE;
					};
					C7838A8228DB003700D6D79A = {
						CreatedOnToolsVersion = 13.4;
						TestTargetID = C7D31A0928BF51DF00940AFE;
					};
					C7D31A0928BF51DF00940AFE = {
						CreatedOnToolsVersion = 13.4;
					};
				};
			};
			buildConfigurationList = C7D31A0528BF51DF00940AFE /* Build configuration list for PBXProject "WhereRU" */;
			compatibilityVersion = "Xcode 13.0";
			developmentRegion = en;
			hasScannedForEncodings = 0;
			knownRegions = (
				en,
				Base,
			);
			mainGroup = C7D31A0128BF51DF00940AFE;
			productRefGroup = C7D31A0128BF51DF00940AFE;
			projectDirPath = "";
			projectRoot = "";
			targets = (
				C7D31A0928BF51DF00940AFE /* WhereRU */,
				C7838A7528DB003100D6D79A /* WhereRUTests */,
				C7838A8228DB003700D6D79A /* WhereRUUITests */,
			);
		};
/* End PBXProject section */

/* Begin PBXResourcesBuildPhase section */
		C7838A7428DB003100D6D79A /* Resources */ = {
			isa = PBXResourcesBuildPhase;
			buildActionMask = 2147483647;
			files = (
			);
			runOnlyForDeploymentPostprocessing = 0;
		};
		C7838A8128DB003700D6D79A /* Resources */ = {
			isa = PBXResourcesBuildPhase;
			buildActionMask = 2147483647;
			files = (
			);
			runOnlyForDeploymentPostprocessing = 0;
		};
		C7D31A0828BF51DF00940AFE /* Resources */ = {
			isa = PBXResourcesBuildPhase;
			buildActionMask = 2147483647;
			files = (
				C72B171328D83779001FAEE7 /* GooglePlaces.bundle in Resources */,
				C7D31A1A28BF51E100940AFE /* LaunchScreen.storyboard in Resources */,
				C7D31A1728BF51E100940AFE /* Assets.xcassets in Resources */,
				C7586E8A28CDC566003B6639 /* GoogleService-Info.plist in Resources */,
				C72B171528D83787001FAEE7 /* GoogleMaps.bundle in Resources */,
			);
			runOnlyForDeploymentPostprocessing = 0;
		};
/* End PBXResourcesBuildPhase section */

/* Begin PBXShellScriptBuildPhase section */
		4485C78A1ECB72FE1E5B129A /* [CP] Check Pods Manifest.lock */ = {
			isa = PBXShellScriptBuildPhase;
			buildActionMask = 2147483647;
			files = (
			);
			inputFileListPaths = (
			);
			inputPaths = (
				"${PODS_PODFILE_DIR_PATH}/Podfile.lock",
				"${PODS_ROOT}/Manifest.lock",
			);
			name = "[CP] Check Pods Manifest.lock";
			outputFileListPaths = (
			);
			outputPaths = (
				"$(DERIVED_FILE_DIR)/Pods-WhereRU-WhereRUUITests-checkManifestLockResult.txt",
			);
			runOnlyForDeploymentPostprocessing = 0;
			shellPath = /bin/sh;
			shellScript = "diff \"${PODS_PODFILE_DIR_PATH}/Podfile.lock\" \"${PODS_ROOT}/Manifest.lock\" > /dev/null\nif [ $? != 0 ] ; then\n    # print error to STDERR\n    echo \"error: The sandbox is not in sync with the Podfile.lock. Run 'pod install' or update your CocoaPods installation.\" >&2\n    exit 1\nfi\n# This output is used by Xcode 'outputs' to avoid re-running this script phase.\necho \"SUCCESS\" > \"${SCRIPT_OUTPUT_FILE_0}\"\n";
			showEnvVarsInLog = 0;
		};
		82646A1F524A2B9123502FA8 /* [CP] Check Pods Manifest.lock */ = {
			isa = PBXShellScriptBuildPhase;
			buildActionMask = 2147483647;
			files = (
			);
			inputFileListPaths = (
			);
			inputPaths = (
				"${PODS_PODFILE_DIR_PATH}/Podfile.lock",
				"${PODS_ROOT}/Manifest.lock",
			);
			name = "[CP] Check Pods Manifest.lock";
			outputFileListPaths = (
			);
			outputPaths = (
				"$(DERIVED_FILE_DIR)/Pods-WhereRUTests-checkManifestLockResult.txt",
			);
			runOnlyForDeploymentPostprocessing = 0;
			shellPath = /bin/sh;
			shellScript = "diff \"${PODS_PODFILE_DIR_PATH}/Podfile.lock\" \"${PODS_ROOT}/Manifest.lock\" > /dev/null\nif [ $? != 0 ] ; then\n    # print error to STDERR\n    echo \"error: The sandbox is not in sync with the Podfile.lock. Run 'pod install' or update your CocoaPods installation.\" >&2\n    exit 1\nfi\n# This output is used by Xcode 'outputs' to avoid re-running this script phase.\necho \"SUCCESS\" > \"${SCRIPT_OUTPUT_FILE_0}\"\n";
			showEnvVarsInLog = 0;
		};
		9441D33CD016A390F296A3DA /* [CP] Check Pods Manifest.lock */ = {
			isa = PBXShellScriptBuildPhase;
			buildActionMask = 2147483647;
			files = (
			);
			inputFileListPaths = (
			);
			inputPaths = (
				"${PODS_PODFILE_DIR_PATH}/Podfile.lock",
				"${PODS_ROOT}/Manifest.lock",
			);
			name = "[CP] Check Pods Manifest.lock";
			outputFileListPaths = (
			);
			outputPaths = (
				"$(DERIVED_FILE_DIR)/Pods-WhereRU-checkManifestLockResult.txt",
			);
			runOnlyForDeploymentPostprocessing = 0;
			shellPath = /bin/sh;
			shellScript = "diff \"${PODS_PODFILE_DIR_PATH}/Podfile.lock\" \"${PODS_ROOT}/Manifest.lock\" > /dev/null\nif [ $? != 0 ] ; then\n    # print error to STDERR\n    echo \"error: The sandbox is not in sync with the Podfile.lock. Run 'pod install' or update your CocoaPods installation.\" >&2\n    exit 1\nfi\n# This output is used by Xcode 'outputs' to avoid re-running this script phase.\necho \"SUCCESS\" > \"${SCRIPT_OUTPUT_FILE_0}\"\n";
			showEnvVarsInLog = 0;
		};
		A4B25589E9CFDAB2C951C183 /* [CP] Embed Pods Frameworks */ = {
			isa = PBXShellScriptBuildPhase;
			buildActionMask = 2147483647;
			files = (
			);
			inputFileListPaths = (
				"${PODS_ROOT}/Target Support Files/Pods-WhereRU-WhereRUUITests/Pods-WhereRU-WhereRUUITests-frameworks-${CONFIGURATION}-input-files.xcfilelist",
			);
			name = "[CP] Embed Pods Frameworks";
			outputFileListPaths = (
				"${PODS_ROOT}/Target Support Files/Pods-WhereRU-WhereRUUITests/Pods-WhereRU-WhereRUUITests-frameworks-${CONFIGURATION}-output-files.xcfilelist",
			);
			runOnlyForDeploymentPostprocessing = 0;
			shellPath = /bin/sh;
			shellScript = "\"${PODS_ROOT}/Target Support Files/Pods-WhereRU-WhereRUUITests/Pods-WhereRU-WhereRUUITests-frameworks.sh\"\n";
			showEnvVarsInLog = 0;
		};
		DD8F5AE824D83A0CE0318D9A /* [CP] Embed Pods Frameworks */ = {
			isa = PBXShellScriptBuildPhase;
			buildActionMask = 2147483647;
			files = (
			);
			inputFileListPaths = (
				"${PODS_ROOT}/Target Support Files/Pods-WhereRU/Pods-WhereRU-frameworks-${CONFIGURATION}-input-files.xcfilelist",
			);
			name = "[CP] Embed Pods Frameworks";
			outputFileListPaths = (
				"${PODS_ROOT}/Target Support Files/Pods-WhereRU/Pods-WhereRU-frameworks-${CONFIGURATION}-output-files.xcfilelist",
			);
			runOnlyForDeploymentPostprocessing = 0;
			shellPath = /bin/sh;
			shellScript = "\"${PODS_ROOT}/Target Support Files/Pods-WhereRU/Pods-WhereRU-frameworks.sh\"\n";
			showEnvVarsInLog = 0;
		};
/* End PBXShellScriptBuildPhase section */

/* Begin PBXSourcesBuildPhase section */
		C7838A7228DB003100D6D79A /* Sources */ = {
			isa = PBXSourcesBuildPhase;
			buildActionMask = 2147483647;
			files = (
				C7838A7928DB003100D6D79A /* WhereRUTests.swift in Sources */,
			);
			runOnlyForDeploymentPostprocessing = 0;
		};
		C7838A7F28DB003700D6D79A /* Sources */ = {
			isa = PBXSourcesBuildPhase;
			buildActionMask = 2147483647;
			files = (
				C7838A8628DB003700D6D79A /* WhereRUUITests.swift in Sources */,
				C7838A8828DB003700D6D79A /* WhereRUUITestsLaunchTests.swift in Sources */,
			);
			runOnlyForDeploymentPostprocessing = 0;
		};
		C7D31A0628BF51DF00940AFE /* Sources */ = {
			isa = PBXSourcesBuildPhase;
			buildActionMask = 2147483647;
			files = (
				C7D31A5728C1CE2C00940AFE /* RoomsViewModel.swift in Sources */,
				C7D31A5328C099CC00940AFE /* RoomsView.swift in Sources */,
				C74ABA3F28DC3B15007EE11B /* RoomsTableViewCell.swift in Sources */,
				C75D194528DA0ACD0062732F /* KakaoManager.swift in Sources */,
				C7D31A1228BF51DF00940AFE /* FriendsViewController.swift in Sources */,
				C7D31A4628C0902200940AFE /* FriendsView.swift in Sources */,
				C74ABA4328DC49B9007EE11B /* EtcView.swift in Sources */,
				C7D31A0E28BF51DF00940AFE /* AppDelegate.swift in Sources */,
				C7D31A5D28C1D28900940AFE /* CreateRoomView.swift in Sources */,
				C75D194328DA0A890062732F /* FriendsViewModel.swift in Sources */,
				C74ABA3D28DC218E007EE11B /* CreateRoomViewModel.swift in Sources */,
				C7D31A6228C1D4F100940AFE /* FriendsTableViewCell.swift in Sources */,
				C766998128D30D33005C862C /* AddFriendView.swift in Sources */,
				C74ABA5328E1617C007EE11B /* EnteredRoomViewModel.swift in Sources */,
				C7D31A4F28C096BF00940AFE /* RoomsViewController.swift in Sources */,
				C74ABA4728DF2D19007EE11B /* Rooms.swift in Sources */,
				C7D31A5F28C1D2A200940AFE /* CreateRoomViewController.swift in Sources */,
				C74ABA5128E0A340007EE11B /* EnteredRoomViewController.swift in Sources */,
				C7D31A6628C474B700940AFE /* FindPlaceViewController.swift in Sources */,
				C7838A7128DAFE5E00D6D79A /* WhereRUTests.swift in Sources */,
				C766997F28D30D10005C862C /* AddFriendViewController.swift in Sources */,
				C7838A6328DAED8500D6D79A /* AddFriendTableViewCell.swift in Sources */,
				C74ABA4928DF2F0B007EE11B /* Codable.swift in Sources */,
				C7D31A5B28C1CE6300940AFE /* LocationManager.swift in Sources */,
				C74ABA3B28DC1B6E007EE11B /* AddedFriendsCollectionViewCell.swift in Sources */,
				C75D194128DA09B10062732F /* Friends.swift in Sources */,
				C74ABA4F28E0A32E007EE11B /* EnteredRoomView.swift in Sources */,
				C7D31A4928C090CD00940AFE /* TabBarViewController.swift in Sources */,
				C700870F28C85D2F00FC7709 /* CLLocationCoordinate2D + extension.swift in Sources */,
				C7586E1F28C9F395003B6639 /* SignInView.swift in Sources */,
				C7586E2128C9F3A2003B6639 /* SignUpView.swift in Sources */,
				C7CFA81628D1A687008AA02C /* FirebaseManager.swift in Sources */,
				C74ABA4528DC49C9007EE11B /* EtcViewController.swift in Sources */,
				C7D31A1028BF51DF00940AFE /* SceneDelegate.swift in Sources */,
				C7586E2528C9F3C3003B6639 /* SignUpViewController.swift in Sources */,
				C7D31A4D28C0911700940AFE /* BaseViewController.swift in Sources */,
				C7D31A6428C1DE0200940AFE /* FindPlaceView.swift in Sources */,
				C74ABA4128DC4618007EE11B /* String.swift in Sources */,
				C7D31A6828C4924F00940AFE /* FindPlaceViewModel.swift in Sources */,
				C74ABA5528E166E7007EE11B /* EnteredRoomFriendsCollectionViewCell.swift in Sources */,
				C7586E2328C9F3B9003B6639 /* SignInViewController.swift in Sources */,
			);
			runOnlyForDeploymentPostprocessing = 0;
		};
/* End PBXSourcesBuildPhase section */

/* Begin PBXTargetDependency section */
		C7838A7B28DB003100D6D79A /* PBXTargetDependency */ = {
			isa = PBXTargetDependency;
			target = C7D31A0928BF51DF00940AFE /* WhereRU */;
			targetProxy = C7838A7A28DB003100D6D79A /* PBXContainerItemProxy */;
		};
		C7838A8A28DB003700D6D79A /* PBXTargetDependency */ = {
			isa = PBXTargetDependency;
			target = C7D31A0928BF51DF00940AFE /* WhereRU */;
			targetProxy = C7838A8928DB003700D6D79A /* PBXContainerItemProxy */;
		};
/* End PBXTargetDependency section */

/* Begin PBXVariantGroup section */
		C7D31A1828BF51E100940AFE /* LaunchScreen.storyboard */ = {
			isa = PBXVariantGroup;
			children = (
				C7D31A1928BF51E100940AFE /* Base */,
			);
			name = LaunchScreen.storyboard;
			sourceTree = "<group>";
		};
/* End PBXVariantGroup section */

/* Begin XCBuildConfiguration section */
		C7838A7D28DB003100D6D79A /* Debug */ = {
			isa = XCBuildConfiguration;
			baseConfigurationReference = 7669A210B39F6E63E9DA1B80 /* Pods-WhereRUTests.debug.xcconfig */;
			buildSettings = {
				BUNDLE_LOADER = "$(TEST_HOST)";
				CODE_SIGN_STYLE = Automatic;
				CURRENT_PROJECT_VERSION = 1;
				DEVELOPMENT_TEAM = RLXHF6WVG6;
				GENERATE_INFOPLIST_FILE = YES;
				MARKETING_VERSION = 1.0;
				PRODUCT_BUNDLE_IDENTIFIER = com.WhereRUTests;
				PRODUCT_NAME = "$(TARGET_NAME)";
				SWIFT_EMIT_LOC_STRINGS = NO;
				SWIFT_VERSION = 5.0;
				TARGETED_DEVICE_FAMILY = "1,2";
				TEST_HOST = "$(BUILT_PRODUCTS_DIR)/WhereRU.app/WhereRU";
			};
			name = Debug;
		};
		C7838A7E28DB003100D6D79A /* Release */ = {
			isa = XCBuildConfiguration;
			baseConfigurationReference = 5C6ECACF1C8DCE8F2F41F4EA /* Pods-WhereRUTests.release.xcconfig */;
			buildSettings = {
				BUNDLE_LOADER = "$(TEST_HOST)";
				CODE_SIGN_STYLE = Automatic;
				CURRENT_PROJECT_VERSION = 1;
				DEVELOPMENT_TEAM = RLXHF6WVG6;
				GENERATE_INFOPLIST_FILE = YES;
				MARKETING_VERSION = 1.0;
				PRODUCT_BUNDLE_IDENTIFIER = com.WhereRUTests;
				PRODUCT_NAME = "$(TARGET_NAME)";
				SWIFT_EMIT_LOC_STRINGS = NO;
				SWIFT_VERSION = 5.0;
				TARGETED_DEVICE_FAMILY = "1,2";
				TEST_HOST = "$(BUILT_PRODUCTS_DIR)/WhereRU.app/WhereRU";
			};
			name = Release;
		};
		C7838A8C28DB003700D6D79A /* Debug */ = {
			isa = XCBuildConfiguration;
			baseConfigurationReference = 43D9E3AE721265ACD78867EF /* Pods-WhereRU-WhereRUUITests.debug.xcconfig */;
			buildSettings = {
				CODE_SIGN_STYLE = Automatic;
				CURRENT_PROJECT_VERSION = 1;
				DEVELOPMENT_TEAM = RLXHF6WVG6;
				GENERATE_INFOPLIST_FILE = YES;
				MARKETING_VERSION = 1.0;
				PRODUCT_BUNDLE_IDENTIFIER = com.WhereRUUITests;
				PRODUCT_NAME = "$(TARGET_NAME)";
				SWIFT_EMIT_LOC_STRINGS = NO;
				SWIFT_VERSION = 5.0;
				TARGETED_DEVICE_FAMILY = "1,2";
				TEST_TARGET_NAME = WhereRU;
			};
			name = Debug;
		};
		C7838A8D28DB003700D6D79A /* Release */ = {
			isa = XCBuildConfiguration;
			baseConfigurationReference = 95265801D1D537C7037C9455 /* Pods-WhereRU-WhereRUUITests.release.xcconfig */;
			buildSettings = {
				CODE_SIGN_STYLE = Automatic;
				CURRENT_PROJECT_VERSION = 1;
				DEVELOPMENT_TEAM = RLXHF6WVG6;
				GENERATE_INFOPLIST_FILE = YES;
				MARKETING_VERSION = 1.0;
				PRODUCT_BUNDLE_IDENTIFIER = com.WhereRUUITests;
				PRODUCT_NAME = "$(TARGET_NAME)";
				SWIFT_EMIT_LOC_STRINGS = NO;
				SWIFT_VERSION = 5.0;
				TARGETED_DEVICE_FAMILY = "1,2";
				TEST_TARGET_NAME = WhereRU;
			};
			name = Release;
		};
		C7D31A3228BF51E100940AFE /* Debug */ = {
			isa = XCBuildConfiguration;
			buildSettings = {
				ALWAYS_SEARCH_USER_PATHS = NO;
				CLANG_ANALYZER_NONNULL = YES;
				CLANG_ANALYZER_NUMBER_OBJECT_CONVERSION = YES_AGGRESSIVE;
				CLANG_CXX_LANGUAGE_STANDARD = "gnu++17";
				CLANG_ENABLE_MODULES = YES;
				CLANG_ENABLE_OBJC_ARC = YES;
				CLANG_ENABLE_OBJC_WEAK = YES;
				CLANG_WARN_BLOCK_CAPTURE_AUTORELEASING = YES;
				CLANG_WARN_BOOL_CONVERSION = YES;
				CLANG_WARN_COMMA = YES;
				CLANG_WARN_CONSTANT_CONVERSION = YES;
				CLANG_WARN_DEPRECATED_OBJC_IMPLEMENTATIONS = YES;
				CLANG_WARN_DIRECT_OBJC_ISA_USAGE = YES_ERROR;
				CLANG_WARN_DOCUMENTATION_COMMENTS = YES;
				CLANG_WARN_EMPTY_BODY = YES;
				CLANG_WARN_ENUM_CONVERSION = YES;
				CLANG_WARN_INFINITE_RECURSION = YES;
				CLANG_WARN_INT_CONVERSION = YES;
				CLANG_WARN_NON_LITERAL_NULL_CONVERSION = YES;
				CLANG_WARN_OBJC_IMPLICIT_RETAIN_SELF = YES;
				CLANG_WARN_OBJC_LITERAL_CONVERSION = YES;
				CLANG_WARN_OBJC_ROOT_CLASS = YES_ERROR;
				CLANG_WARN_QUOTED_INCLUDE_IN_FRAMEWORK_HEADER = YES;
				CLANG_WARN_RANGE_LOOP_ANALYSIS = YES;
				CLANG_WARN_STRICT_PROTOTYPES = YES;
				CLANG_WARN_SUSPICIOUS_MOVE = YES;
				CLANG_WARN_UNGUARDED_AVAILABILITY = YES_AGGRESSIVE;
				CLANG_WARN_UNREACHABLE_CODE = YES;
				CLANG_WARN__DUPLICATE_METHOD_MATCH = YES;
				COPY_PHASE_STRIP = NO;
				DEBUG_INFORMATION_FORMAT = dwarf;
				ENABLE_ON_DEMAND_RESOURCES = NO;
				ENABLE_STRICT_OBJC_MSGSEND = YES;
				ENABLE_TESTABILITY = YES;
				ENABLE_TESTING_SEARCH_PATHS = YES;
				GCC_C_LANGUAGE_STANDARD = gnu11;
				GCC_DYNAMIC_NO_PIC = NO;
				GCC_NO_COMMON_BLOCKS = YES;
				GCC_OPTIMIZATION_LEVEL = 0;
				GCC_PREPROCESSOR_DEFINITIONS = (
					"DEBUG=1",
					"$(inherited)",
				);
				GCC_WARN_64_TO_32_BIT_CONVERSION = YES;
				GCC_WARN_ABOUT_RETURN_TYPE = YES_ERROR;
				GCC_WARN_UNDECLARED_SELECTOR = YES;
				GCC_WARN_UNINITIALIZED_AUTOS = YES_AGGRESSIVE;
				GCC_WARN_UNUSED_FUNCTION = YES;
				GCC_WARN_UNUSED_VARIABLE = YES;
				IPHONEOS_DEPLOYMENT_TARGET = 15.5;
				MTL_ENABLE_DEBUG_INFO = INCLUDE_SOURCE;
				MTL_FAST_MATH = YES;
				ONLY_ACTIVE_ARCH = YES;
				SDKROOT = iphoneos;
				SWIFT_ACTIVE_COMPILATION_CONDITIONS = DEBUG;
				SWIFT_OPTIMIZATION_LEVEL = "-Onone";
			};
			name = Debug;
		};
		C7D31A3328BF51E100940AFE /* Release */ = {
			isa = XCBuildConfiguration;
			buildSettings = {
				ALWAYS_SEARCH_USER_PATHS = NO;
				CLANG_ANALYZER_NONNULL = YES;
				CLANG_ANALYZER_NUMBER_OBJECT_CONVERSION = YES_AGGRESSIVE;
				CLANG_CXX_LANGUAGE_STANDARD = "gnu++17";
				CLANG_ENABLE_MODULES = YES;
				CLANG_ENABLE_OBJC_ARC = YES;
				CLANG_ENABLE_OBJC_WEAK = YES;
				CLANG_WARN_BLOCK_CAPTURE_AUTORELEASING = YES;
				CLANG_WARN_BOOL_CONVERSION = YES;
				CLANG_WARN_COMMA = YES;
				CLANG_WARN_CONSTANT_CONVERSION = YES;
				CLANG_WARN_DEPRECATED_OBJC_IMPLEMENTATIONS = YES;
				CLANG_WARN_DIRECT_OBJC_ISA_USAGE = YES_ERROR;
				CLANG_WARN_DOCUMENTATION_COMMENTS = YES;
				CLANG_WARN_EMPTY_BODY = YES;
				CLANG_WARN_ENUM_CONVERSION = YES;
				CLANG_WARN_INFINITE_RECURSION = YES;
				CLANG_WARN_INT_CONVERSION = YES;
				CLANG_WARN_NON_LITERAL_NULL_CONVERSION = YES;
				CLANG_WARN_OBJC_IMPLICIT_RETAIN_SELF = YES;
				CLANG_WARN_OBJC_LITERAL_CONVERSION = YES;
				CLANG_WARN_OBJC_ROOT_CLASS = YES_ERROR;
				CLANG_WARN_QUOTED_INCLUDE_IN_FRAMEWORK_HEADER = YES;
				CLANG_WARN_RANGE_LOOP_ANALYSIS = YES;
				CLANG_WARN_STRICT_PROTOTYPES = YES;
				CLANG_WARN_SUSPICIOUS_MOVE = YES;
				CLANG_WARN_UNGUARDED_AVAILABILITY = YES_AGGRESSIVE;
				CLANG_WARN_UNREACHABLE_CODE = YES;
				CLANG_WARN__DUPLICATE_METHOD_MATCH = YES;
				COPY_PHASE_STRIP = NO;
				DEBUG_INFORMATION_FORMAT = "dwarf-with-dsym";
				ENABLE_NS_ASSERTIONS = NO;
				ENABLE_ON_DEMAND_RESOURCES = NO;
				ENABLE_STRICT_OBJC_MSGSEND = YES;
				ENABLE_TESTING_SEARCH_PATHS = YES;
				GCC_C_LANGUAGE_STANDARD = gnu11;
				GCC_NO_COMMON_BLOCKS = YES;
				GCC_WARN_64_TO_32_BIT_CONVERSION = YES;
				GCC_WARN_ABOUT_RETURN_TYPE = YES_ERROR;
				GCC_WARN_UNDECLARED_SELECTOR = YES;
				GCC_WARN_UNINITIALIZED_AUTOS = YES_AGGRESSIVE;
				GCC_WARN_UNUSED_FUNCTION = YES;
				GCC_WARN_UNUSED_VARIABLE = YES;
				IPHONEOS_DEPLOYMENT_TARGET = 15.5;
				MTL_ENABLE_DEBUG_INFO = NO;
				MTL_FAST_MATH = YES;
				SDKROOT = iphoneos;
				SWIFT_COMPILATION_MODE = wholemodule;
				SWIFT_OPTIMIZATION_LEVEL = "-O";
				VALIDATE_PRODUCT = YES;
			};
			name = Release;
		};
		C7D31A3528BF51E100940AFE /* Debug */ = {
			isa = XCBuildConfiguration;
			baseConfigurationReference = 58937F38D7FCB7FFDA56CA8C /* Pods-WhereRU.debug.xcconfig */;
			buildSettings = {
				ASSETCATALOG_COMPILER_APPICON_NAME = AppIcon;
				ASSETCATALOG_COMPILER_GLOBAL_ACCENT_COLOR_NAME = AccentColor;
				CLANG_ENABLE_OBJC_ARC = YES;
				CODE_SIGN_STYLE = Automatic;
				CURRENT_PROJECT_VERSION = 1;
				DEVELOPMENT_TEAM = RLXHF6WVG6;
				ENABLE_TESTING_SEARCH_PATHS = YES;
				EXCLUDED_ARCHS = "";
				FRAMEWORK_SEARCH_PATHS = (
					"$(inherited)",
					"$(PROJECT_DIR)",
				);
				GENERATE_INFOPLIST_FILE = YES;
				INFOPLIST_FILE = WhereRU/Info.plist;
				INFOPLIST_KEY_NSLocationWhenInUseUsageDescription = "지도 권한 필요";
				INFOPLIST_KEY_UIApplicationSupportsIndirectInputEvents = YES;
				INFOPLIST_KEY_UILaunchStoryboardName = LaunchScreen;
				INFOPLIST_KEY_UISupportedInterfaceOrientations_iPad = "UIInterfaceOrientationPortrait UIInterfaceOrientationPortraitUpsideDown UIInterfaceOrientationLandscapeLeft UIInterfaceOrientationLandscapeRight";
				INFOPLIST_KEY_UISupportedInterfaceOrientations_iPhone = "UIInterfaceOrientationPortrait UIInterfaceOrientationLandscapeLeft UIInterfaceOrientationLandscapeRight";
				LD_RUNPATH_SEARCH_PATHS = (
					"$(inherited)",
					"@executable_path/Frameworks",
				);
				MARKETING_VERSION = 1.0;
				OTHER_LDFLAGS = "-ObjC";
				PRODUCT_BUNDLE_IDENTIFIER = com.WhereRU;
				PRODUCT_NAME = "$(TARGET_NAME)";
				SWIFT_EMIT_LOC_STRINGS = YES;
				SWIFT_OBJC_BRIDGING_HEADER = "";
				SWIFT_VERSION = 5.0;
				TARGETED_DEVICE_FAMILY = "1,2";
				VALIDATE_WORKSPACE = NO;
			};
			name = Debug;
		};
		C7D31A3628BF51E100940AFE /* Release */ = {
			isa = XCBuildConfiguration;
			baseConfigurationReference = 94ACFA7EB87621974FCCFF0B /* Pods-WhereRU.release.xcconfig */;
			buildSettings = {
				ASSETCATALOG_COMPILER_APPICON_NAME = AppIcon;
				ASSETCATALOG_COMPILER_GLOBAL_ACCENT_COLOR_NAME = AccentColor;
				CLANG_ENABLE_OBJC_ARC = YES;
				CODE_SIGN_STYLE = Automatic;
				CURRENT_PROJECT_VERSION = 1;
				DEVELOPMENT_TEAM = RLXHF6WVG6;
				ENABLE_TESTING_SEARCH_PATHS = YES;
				FRAMEWORK_SEARCH_PATHS = (
					"$(inherited)",
					"$(PROJECT_DIR)",
				);
				GENERATE_INFOPLIST_FILE = YES;
				INFOPLIST_FILE = WhereRU/Info.plist;
				INFOPLIST_KEY_NSLocationWhenInUseUsageDescription = "지도 권한 필요";
				INFOPLIST_KEY_UIApplicationSupportsIndirectInputEvents = YES;
				INFOPLIST_KEY_UILaunchStoryboardName = LaunchScreen;
				INFOPLIST_KEY_UISupportedInterfaceOrientations_iPad = "UIInterfaceOrientationPortrait UIInterfaceOrientationPortraitUpsideDown UIInterfaceOrientationLandscapeLeft UIInterfaceOrientationLandscapeRight";
				INFOPLIST_KEY_UISupportedInterfaceOrientations_iPhone = "UIInterfaceOrientationPortrait UIInterfaceOrientationLandscapeLeft UIInterfaceOrientationLandscapeRight";
				LD_RUNPATH_SEARCH_PATHS = (
					"$(inherited)",
					"@executable_path/Frameworks",
				);
				MARKETING_VERSION = 1.0;
				ONLY_ACTIVE_ARCH = NO;
				OTHER_LDFLAGS = "-ObjC";
				PRODUCT_BUNDLE_IDENTIFIER = com.WhereRU;
				PRODUCT_NAME = "$(TARGET_NAME)";
				SWIFT_EMIT_LOC_STRINGS = YES;
				SWIFT_OBJC_BRIDGING_HEADER = "";
				SWIFT_VERSION = 5.0;
				TARGETED_DEVICE_FAMILY = "1,2";
				VALIDATE_WORKSPACE = NO;
			};
			name = Release;
		};
/* End XCBuildConfiguration section */

/* Begin XCConfigurationList section */
		C7838A7C28DB003100D6D79A /* Build configuration list for PBXNativeTarget "WhereRUTests" */ = {
			isa = XCConfigurationList;
			buildConfigurations = (
				C7838A7D28DB003100D6D79A /* Debug */,
				C7838A7E28DB003100D6D79A /* Release */,
			);
			defaultConfigurationIsVisible = 0;
			defaultConfigurationName = Release;
		};
		C7838A8B28DB003700D6D79A /* Build configuration list for PBXNativeTarget "WhereRUUITests" */ = {
			isa = XCConfigurationList;
			buildConfigurations = (
				C7838A8C28DB003700D6D79A /* Debug */,
				C7838A8D28DB003700D6D79A /* Release */,
			);
			defaultConfigurationIsVisible = 0;
			defaultConfigurationName = Release;
		};
		C7D31A0528BF51DF00940AFE /* Build configuration list for PBXProject "WhereRU" */ = {
			isa = XCConfigurationList;
			buildConfigurations = (
				C7D31A3228BF51E100940AFE /* Debug */,
				C7D31A3328BF51E100940AFE /* Release */,
			);
			defaultConfigurationIsVisible = 0;
			defaultConfigurationName = Release;
		};
		C7D31A3428BF51E100940AFE /* Build configuration list for PBXNativeTarget "WhereRU" */ = {
			isa = XCConfigurationList;
			buildConfigurations = (
				C7D31A3528BF51E100940AFE /* Debug */,
				C7D31A3628BF51E100940AFE /* Release */,
			);
			defaultConfigurationIsVisible = 0;
			defaultConfigurationName = Release;
		};
/* End XCConfigurationList section */
	};
	rootObject = C7D31A0228BF51DF00940AFE /* Project object */;
}
